// !$*UTF8*$!
{
	archiveVersion = 1;
	classes = {
	};
	objectVersion = 51;
	objects = {

/* Begin PBXBuildFile section */
		1B83234B615A1E2C083165BC /* Pods_SwiftyJSONAcceleratorTests.framework in Frameworks */ = {isa = PBXBuildFile; fileRef = 5DD79F3F4CA34990ED57C901 /* Pods_SwiftyJSONAcceleratorTests.framework */; };
		233771D54E74BB0A23429F8A /* Pods_SwiftyJSONAccelerator.framework in Frameworks */ = {isa = PBXBuildFile; fileRef = 9C761827F34F7ABFE85AF9E1 /* Pods_SwiftyJSONAccelerator.framework */; };
		93050DA222F54ADB00FBCA6B /* TestJSONFile.sample in Resources */ = {isa = PBXBuildFile; fileRef = 93050DA122F54ADB00FBCA6B /* TestJSONFile.sample */; };
		93050DA422F54B2800FBCA6B /* ModelGeneratorTests.swift in Sources */ = {isa = PBXBuildFile; fileRef = 93050DA322F54B2800FBCA6B /* ModelGeneratorTests.swift */; };
		9341B64822F98EE30092D16D /* FileGeneratorTests.swift in Sources */ = {isa = PBXBuildFile; fileRef = 9341B64722F98EE30092D16D /* FileGeneratorTests.swift */; };
		937D9DF822E89CAC00A83D84 /* JSONHelper.swift in Sources */ = {isa = PBXBuildFile; fileRef = 937D9DF522E89CAC00A83D84 /* JSONHelper.swift */; };
		937D9DF922E89CAC00A83D84 /* StringExtensions.swift in Sources */ = {isa = PBXBuildFile; fileRef = 937D9DF622E89CAC00A83D84 /* StringExtensions.swift */; };
		937D9DFC22E89F4800A83D84 /* Constants.swift in Sources */ = {isa = PBXBuildFile; fileRef = 937D9DFB22E89F4800A83D84 /* Constants.swift */; };
		93846D3A22E8BAE20051D564 /* StringTests.swift in Sources */ = {isa = PBXBuildFile; fileRef = 93846D3922E8BAE20051D564 /* StringTests.swift */; };
		93E0F10822E859D5008D3B16 /* AppDelegate.swift in Sources */ = {isa = PBXBuildFile; fileRef = 93E0F10722E859D5008D3B16 /* AppDelegate.swift */; };
		93E0F10A22E859D5008D3B16 /* SJEditorViewController.swift in Sources */ = {isa = PBXBuildFile; fileRef = 93E0F10922E859D5008D3B16 /* SJEditorViewController.swift */; };
		93E0F10C22E859D6008D3B16 /* Assets.xcassets in Resources */ = {isa = PBXBuildFile; fileRef = 93E0F10B22E859D6008D3B16 /* Assets.xcassets */; };
		93E0F10F22E859D6008D3B16 /* Main.storyboard in Resources */ = {isa = PBXBuildFile; fileRef = 93E0F10D22E859D6008D3B16 /* Main.storyboard */; };
		93EA46FC22E8896000A7B0DB /* SJTextView.swift in Sources */ = {isa = PBXBuildFile; fileRef = 93EA46FB22E8896000A7B0DB /* SJTextView.swift */; };
		93EA470022E8908A00A7B0DB /* LineNumberRulerView.swift in Sources */ = {isa = PBXBuildFile; fileRef = 93EA46FF22E8908A00A7B0DB /* LineNumberRulerView.swift */; };
		93FBA66D22E9B8EA00015EFD /* ModalGenerator.swift in Sources */ = {isa = PBXBuildFile; fileRef = 93FBA66C22E9B8EA00015EFD /* ModalGenerator.swift */; };
		93FBA67022E9B97B00015EFD /* ModelGenerationConfiguration.swift in Sources */ = {isa = PBXBuildFile; fileRef = 93FBA66F22E9B97A00015EFD /* ModelGenerationConfiguration.swift */; };
		93FBA67222E9BB4800015EFD /* ModelFile.swift in Sources */ = {isa = PBXBuildFile; fileRef = 93FBA67122E9BB4800015EFD /* ModelFile.swift */; };
		93FBA67422E9BC5200015EFD /* PropertyComponent.swift in Sources */ = {isa = PBXBuildFile; fileRef = 93FBA67322E9BC5200015EFD /* PropertyComponent.swift */; };
		93FBA67622E9BCA100015EFD /* ModelComponent.swift in Sources */ = {isa = PBXBuildFile; fileRef = 93FBA67522E9BCA100015EFD /* ModelComponent.swift */; };
		93FBA67822E9BDA200015EFD /* NameGenerator.swift in Sources */ = {isa = PBXBuildFile; fileRef = 93FBA67722E9BDA200015EFD /* NameGenerator.swift */; };
		93FBA67A22E9C2D700015EFD /* FileGenerator.swift in Sources */ = {isa = PBXBuildFile; fileRef = 93FBA67922E9C2D700015EFD /* FileGenerator.swift */; };
		93FBA68422E9E5B100015EFD /* SwiftJSONModelFile.swift in Sources */ = {isa = PBXBuildFile; fileRef = 93FBA68322E9E5B100015EFD /* SwiftJSONModelFile.swift */; };
		93FBA68622E9F40F00015EFD /* FileGeneratorExtension.swift in Sources */ = {isa = PBXBuildFile; fileRef = 93FBA68522E9F40E00015EFD /* FileGeneratorExtension.swift */; };
		93FBA68722E9F70A00015EFD /* BaseTemplate.txt in Resources */ = {isa = PBXBuildFile; fileRef = 93FBA68222E9E05100015EFD /* BaseTemplate.txt */; };
		93FDFB4322F23942007D5498 /* FileGenerator.swift in Sources */ = {isa = PBXBuildFile; fileRef = 93FBA67922E9C2D700015EFD /* FileGenerator.swift */; };
		93FDFB4422F23942007D5498 /* FileGeneratorExtension.swift in Sources */ = {isa = PBXBuildFile; fileRef = 93FBA68522E9F40E00015EFD /* FileGeneratorExtension.swift */; };
		93FDFB4522F23942007D5498 /* ModalGenerator.swift in Sources */ = {isa = PBXBuildFile; fileRef = 93FBA66C22E9B8EA00015EFD /* ModalGenerator.swift */; };
		93FDFB4622F23942007D5498 /* ModelGenerationConfiguration.swift in Sources */ = {isa = PBXBuildFile; fileRef = 93FBA66F22E9B97A00015EFD /* ModelGenerationConfiguration.swift */; };
		93FDFB4722F23942007D5498 /* NameGenerator.swift in Sources */ = {isa = PBXBuildFile; fileRef = 93FBA67722E9BDA200015EFD /* NameGenerator.swift */; };
		93FDFB4822F23946007D5498 /* ModelComponent.swift in Sources */ = {isa = PBXBuildFile; fileRef = 93FBA67522E9BCA100015EFD /* ModelComponent.swift */; };
		93FDFB4922F23946007D5498 /* ModelFile.swift in Sources */ = {isa = PBXBuildFile; fileRef = 93FBA67122E9BB4800015EFD /* ModelFile.swift */; };
		93FDFB4A22F23946007D5498 /* PropertyComponent.swift in Sources */ = {isa = PBXBuildFile; fileRef = 93FBA67322E9BC5200015EFD /* PropertyComponent.swift */; };
		93FDFB4B22F23946007D5498 /* SwiftJSONModelFile.swift in Sources */ = {isa = PBXBuildFile; fileRef = 93FBA68322E9E5B100015EFD /* SwiftJSONModelFile.swift */; };
		93FDFB4C22F2394B007D5498 /* JSONHelper.swift in Sources */ = {isa = PBXBuildFile; fileRef = 937D9DF522E89CAC00A83D84 /* JSONHelper.swift */; };
		93FDFB4D22F2394B007D5498 /* StringExtensions.swift in Sources */ = {isa = PBXBuildFile; fileRef = 937D9DF622E89CAC00A83D84 /* StringExtensions.swift */; };
		93FDFB4E22F23960007D5498 /* BaseTemplate.txt in Resources */ = {isa = PBXBuildFile; fileRef = 93FBA68222E9E05100015EFD /* BaseTemplate.txt */; };
		93FDFB4F22F23962007D5498 /* Constants.swift in Sources */ = {isa = PBXBuildFile; fileRef = 937D9DFB22E89F4800A83D84 /* Constants.swift */; };
		93FDFB5122F2BECD007D5498 /* JSONHelperTests.swift in Sources */ = {isa = PBXBuildFile; fileRef = 93FDFB5022F2BECD007D5498 /* JSONHelperTests.swift */; };
/* End PBXBuildFile section */

/* Begin PBXContainerItemProxy section */
		93E0F11722E859D6008D3B16 /* PBXContainerItemProxy */ = {
			isa = PBXContainerItemProxy;
			containerPortal = 93E0F0FC22E859D5008D3B16 /* Project object */;
			proxyType = 1;
			remoteGlobalIDString = 93E0F10322E859D5008D3B16;
			remoteInfo = SwiftyJSONAccelerator;
		};
/* End PBXContainerItemProxy section */

/* Begin PBXFileReference section */
		139667DBBC1C031005A38ECC /* Pods-SwiftyJSONAcceleratorTests.release.xcconfig */ = {isa = PBXFileReference; includeInIndex = 1; lastKnownFileType = text.xcconfig; name = "Pods-SwiftyJSONAcceleratorTests.release.xcconfig"; path = "Target Support Files/Pods-SwiftyJSONAcceleratorTests/Pods-SwiftyJSONAcceleratorTests.release.xcconfig"; sourceTree = "<group>"; };
		2ABC7D6BA5C84B6E9C5E8547 /* Pods-SwiftyJSONAccelerator.debug.xcconfig */ = {isa = PBXFileReference; includeInIndex = 1; lastKnownFileType = text.xcconfig; name = "Pods-SwiftyJSONAccelerator.debug.xcconfig"; path = "Target Support Files/Pods-SwiftyJSONAccelerator/Pods-SwiftyJSONAccelerator.debug.xcconfig"; sourceTree = "<group>"; };
		5DD79F3F4CA34990ED57C901 /* Pods_SwiftyJSONAcceleratorTests.framework */ = {isa = PBXFileReference; explicitFileType = wrapper.framework; includeInIndex = 0; path = Pods_SwiftyJSONAcceleratorTests.framework; sourceTree = BUILT_PRODUCTS_DIR; };
		93050D9B22F54AD100FBCA6B /* test_config.json */ = {isa = PBXFileReference; lastKnownFileType = text.json; path = test_config.json; sourceTree = "<group>"; };
		93050D9C22F54AD100FBCA6B /* user.json */ = {isa = PBXFileReference; lastKnownFileType = text.json; path = user.json; sourceTree = "<group>"; };
		93050D9D22F54AD100FBCA6B /* album.json */ = {isa = PBXFileReference; lastKnownFileType = text.json; path = album.json; sourceTree = "<group>"; };
		93050D9E22F54AD100FBCA6B /* community.json */ = {isa = PBXFileReference; lastKnownFileType = text.json; path = community.json; sourceTree = "<group>"; };
		93050D9F22F54AD100FBCA6B /* photo.json */ = {isa = PBXFileReference; lastKnownFileType = text.json; path = photo.json; sourceTree = "<group>"; };
		93050DA022F54AD100FBCA6B /* Info.plist */ = {isa = PBXFileReference; lastKnownFileType = text.plist.xml; path = Info.plist; sourceTree = "<group>"; };
		93050DA122F54ADB00FBCA6B /* TestJSONFile.sample */ = {isa = PBXFileReference; fileEncoding = 4; lastKnownFileType = text; path = TestJSONFile.sample; sourceTree = "<group>"; };
		93050DA322F54B2800FBCA6B /* ModelGeneratorTests.swift */ = {isa = PBXFileReference; lastKnownFileType = sourcecode.swift; path = ModelGeneratorTests.swift; sourceTree = "<group>"; };
		9341B64722F98EE30092D16D /* FileGeneratorTests.swift */ = {isa = PBXFileReference; lastKnownFileType = sourcecode.swift; path = FileGeneratorTests.swift; sourceTree = "<group>"; };
		937D9DF522E89CAC00A83D84 /* JSONHelper.swift */ = {isa = PBXFileReference; fileEncoding = 4; lastKnownFileType = sourcecode.swift; path = JSONHelper.swift; sourceTree = "<group>"; };
		937D9DF622E89CAC00A83D84 /* StringExtensions.swift */ = {isa = PBXFileReference; fileEncoding = 4; lastKnownFileType = sourcecode.swift; path = StringExtensions.swift; sourceTree = "<group>"; };
		937D9DFB22E89F4800A83D84 /* Constants.swift */ = {isa = PBXFileReference; lastKnownFileType = sourcecode.swift; path = Constants.swift; sourceTree = "<group>"; };
		93846D3922E8BAE20051D564 /* StringTests.swift */ = {isa = PBXFileReference; fileEncoding = 4; lastKnownFileType = sourcecode.swift; path = StringTests.swift; sourceTree = "<group>"; };
		93E0F10422E859D5008D3B16 /* SwiftyJSONAccelerator.app */ = {isa = PBXFileReference; explicitFileType = wrapper.application; includeInIndex = 0; path = SwiftyJSONAccelerator.app; sourceTree = BUILT_PRODUCTS_DIR; };
		93E0F10722E859D5008D3B16 /* AppDelegate.swift */ = {isa = PBXFileReference; lastKnownFileType = sourcecode.swift; path = AppDelegate.swift; sourceTree = "<group>"; };
		93E0F10922E859D5008D3B16 /* SJEditorViewController.swift */ = {isa = PBXFileReference; lastKnownFileType = sourcecode.swift; path = SJEditorViewController.swift; sourceTree = "<group>"; };
		93E0F10B22E859D6008D3B16 /* Assets.xcassets */ = {isa = PBXFileReference; lastKnownFileType = folder.assetcatalog; path = Assets.xcassets; sourceTree = "<group>"; };
		93E0F10E22E859D6008D3B16 /* Base */ = {isa = PBXFileReference; lastKnownFileType = file.storyboard; name = Base; path = Base.lproj/Main.storyboard; sourceTree = "<group>"; };
		93E0F11022E859D6008D3B16 /* Info.plist */ = {isa = PBXFileReference; lastKnownFileType = text.plist.xml; path = Info.plist; sourceTree = "<group>"; };
		93E0F11122E859D6008D3B16 /* SwiftyJSONAccelerator.entitlements */ = {isa = PBXFileReference; lastKnownFileType = text.plist.entitlements; path = SwiftyJSONAccelerator.entitlements; sourceTree = "<group>"; };
		93E0F11622E859D6008D3B16 /* SwiftyJSONAcceleratorTests.xctest */ = {isa = PBXFileReference; explicitFileType = wrapper.cfbundle; includeInIndex = 0; path = SwiftyJSONAcceleratorTests.xctest; sourceTree = BUILT_PRODUCTS_DIR; };
		93E0F11C22E859D6008D3B16 /* Info.plist */ = {isa = PBXFileReference; lastKnownFileType = text.plist.xml; path = Info.plist; sourceTree = "<group>"; };
		93EA46FB22E8896000A7B0DB /* SJTextView.swift */ = {isa = PBXFileReference; fileEncoding = 4; lastKnownFileType = sourcecode.swift; path = SJTextView.swift; sourceTree = "<group>"; };
		93EA46FF22E8908A00A7B0DB /* LineNumberRulerView.swift */ = {isa = PBXFileReference; lastKnownFileType = sourcecode.swift; path = LineNumberRulerView.swift; sourceTree = "<group>"; };
		93FBA66C22E9B8EA00015EFD /* ModalGenerator.swift */ = {isa = PBXFileReference; lastKnownFileType = sourcecode.swift; path = ModalGenerator.swift; sourceTree = "<group>"; };
		93FBA66F22E9B97A00015EFD /* ModelGenerationConfiguration.swift */ = {isa = PBXFileReference; fileEncoding = 4; lastKnownFileType = sourcecode.swift; path = ModelGenerationConfiguration.swift; sourceTree = "<group>"; };
		93FBA67122E9BB4800015EFD /* ModelFile.swift */ = {isa = PBXFileReference; lastKnownFileType = sourcecode.swift; path = ModelFile.swift; sourceTree = "<group>"; };
		93FBA67322E9BC5200015EFD /* PropertyComponent.swift */ = {isa = PBXFileReference; lastKnownFileType = sourcecode.swift; path = PropertyComponent.swift; sourceTree = "<group>"; };
		93FBA67522E9BCA100015EFD /* ModelComponent.swift */ = {isa = PBXFileReference; fileEncoding = 4; lastKnownFileType = sourcecode.swift; path = ModelComponent.swift; sourceTree = "<group>"; };
		93FBA67722E9BDA200015EFD /* NameGenerator.swift */ = {isa = PBXFileReference; fileEncoding = 4; lastKnownFileType = sourcecode.swift; path = NameGenerator.swift; sourceTree = "<group>"; };
		93FBA67922E9C2D700015EFD /* FileGenerator.swift */ = {isa = PBXFileReference; fileEncoding = 4; lastKnownFileType = sourcecode.swift; path = FileGenerator.swift; sourceTree = "<group>"; };
		93FBA68222E9E05100015EFD /* BaseTemplate.txt */ = {isa = PBXFileReference; lastKnownFileType = text; path = BaseTemplate.txt; sourceTree = "<group>"; };
		93FBA68322E9E5B100015EFD /* SwiftJSONModelFile.swift */ = {isa = PBXFileReference; lastKnownFileType = sourcecode.swift; path = SwiftJSONModelFile.swift; sourceTree = "<group>"; };
		93FBA68522E9F40E00015EFD /* FileGeneratorExtension.swift */ = {isa = PBXFileReference; fileEncoding = 4; lastKnownFileType = sourcecode.swift; path = FileGeneratorExtension.swift; sourceTree = "<group>"; };
		93FDFB5022F2BECD007D5498 /* JSONHelperTests.swift */ = {isa = PBXFileReference; lastKnownFileType = sourcecode.swift; path = JSONHelperTests.swift; sourceTree = "<group>"; };
		9C761827F34F7ABFE85AF9E1 /* Pods_SwiftyJSONAccelerator.framework */ = {isa = PBXFileReference; explicitFileType = wrapper.framework; includeInIndex = 0; path = Pods_SwiftyJSONAccelerator.framework; sourceTree = BUILT_PRODUCTS_DIR; };
		9C98DCCC52F206DFAE6F188A /* Pods-SwiftyJSONAcceleratorTests.debug.xcconfig */ = {isa = PBXFileReference; includeInIndex = 1; lastKnownFileType = text.xcconfig; name = "Pods-SwiftyJSONAcceleratorTests.debug.xcconfig"; path = "Target Support Files/Pods-SwiftyJSONAcceleratorTests/Pods-SwiftyJSONAcceleratorTests.debug.xcconfig"; sourceTree = "<group>"; };
		DA85A8FD9057653442961237 /* Pods-SwiftyJSONAccelerator.release.xcconfig */ = {isa = PBXFileReference; includeInIndex = 1; lastKnownFileType = text.xcconfig; name = "Pods-SwiftyJSONAccelerator.release.xcconfig"; path = "Target Support Files/Pods-SwiftyJSONAccelerator/Pods-SwiftyJSONAccelerator.release.xcconfig"; sourceTree = "<group>"; };
/* End PBXFileReference section */

/* Begin PBXFrameworksBuildPhase section */
		93E0F10122E859D5008D3B16 /* Frameworks */ = {
			isa = PBXFrameworksBuildPhase;
			buildActionMask = 2147483647;
			files = (
				233771D54E74BB0A23429F8A /* Pods_SwiftyJSONAccelerator.framework in Frameworks */,
			);
			runOnlyForDeploymentPostprocessing = 0;
		};
		93E0F11322E859D6008D3B16 /* Frameworks */ = {
			isa = PBXFrameworksBuildPhase;
			buildActionMask = 2147483647;
			files = (
				1B83234B615A1E2C083165BC /* Pods_SwiftyJSONAcceleratorTests.framework in Frameworks */,
			);
			runOnlyForDeploymentPostprocessing = 0;
		};
/* End PBXFrameworksBuildPhase section */

/* Begin PBXGroup section */
		432C91269AC646A242204E0B /* Pods */ = {
			isa = PBXGroup;
			children = (
				2ABC7D6BA5C84B6E9C5E8547 /* Pods-SwiftyJSONAccelerator.debug.xcconfig */,
				DA85A8FD9057653442961237 /* Pods-SwiftyJSONAccelerator.release.xcconfig */,
				9C98DCCC52F206DFAE6F188A /* Pods-SwiftyJSONAcceleratorTests.debug.xcconfig */,
				139667DBBC1C031005A38ECC /* Pods-SwiftyJSONAcceleratorTests.release.xcconfig */,
			);
			path = Pods;
			sourceTree = "<group>";
		};
		93050D9822F54AD100FBCA6B /* Support Files */ = {
			isa = PBXGroup;
			children = (
				93050D9A22F54AD100FBCA6B /* MultipleModelTests */,
				93050DA022F54AD100FBCA6B /* Info.plist */,
				93050DA122F54ADB00FBCA6B /* TestJSONFile.sample */,
			);
			path = "Support Files";
			sourceTree = "<group>";
		};
		93050D9A22F54AD100FBCA6B /* MultipleModelTests */ = {
			isa = PBXGroup;
			children = (
				93050D9D22F54AD100FBCA6B /* album.json */,
				93050D9E22F54AD100FBCA6B /* community.json */,
				93050D9F22F54AD100FBCA6B /* photo.json */,
				93050D9B22F54AD100FBCA6B /* test_config.json */,
				93050D9C22F54AD100FBCA6B /* user.json */,
			);
			path = MultipleModelTests;
			sourceTree = "<group>";
		};
		935F7E4822F38B650003F787 /* AppDelegate */ = {
			isa = PBXGroup;
			children = (
				93E0F10722E859D5008D3B16 /* AppDelegate.swift */,
			);
			path = AppDelegate;
			sourceTree = "<group>";
		};
		937D9DF322E89CA200A83D84 /* Helpers */ = {
			isa = PBXGroup;
			children = (
				937D9DF522E89CAC00A83D84 /* JSONHelper.swift */,
				937D9DF622E89CAC00A83D84 /* StringExtensions.swift */,
			);
			path = Helpers;
			sourceTree = "<group>";
		};
		937D9DFA22E89F3000A83D84 /* Core */ = {
			isa = PBXGroup;
			children = (
				93FBA66A22E9B8A000015EFD /* Generator */,
				937D9DF322E89CA200A83D84 /* Helpers */,
				93FBA68022E9DFFC00015EFD /* Template */,
				937D9DFB22E89F4800A83D84 /* Constants.swift */,
			);
			path = Core;
			sourceTree = "<group>";
		};
		93E0F0FB22E859D5008D3B16 = {
			isa = PBXGroup;
			children = (
				937D9DFA22E89F3000A83D84 /* Core */,
				9CC06C3DBF72A63524446DAC /* Frameworks */,
				432C91269AC646A242204E0B /* Pods */,
				93E0F10522E859D5008D3B16 /* Products */,
				93E0F10622E859D5008D3B16 /* SwiftyJSONAccelerator */,
				93E0F11922E859D6008D3B16 /* SwiftyJSONAcceleratorTests */,
			);
			sourceTree = "<group>";
		};
		93E0F10522E859D5008D3B16 /* Products */ = {
			isa = PBXGroup;
			children = (
				93E0F10422E859D5008D3B16 /* SwiftyJSONAccelerator.app */,
				93E0F11622E859D6008D3B16 /* SwiftyJSONAcceleratorTests.xctest */,
			);
			name = Products;
			sourceTree = "<group>";
		};
		93E0F10622E859D5008D3B16 /* SwiftyJSONAccelerator */ = {
			isa = PBXGroup;
			children = (
				935F7E4822F38B650003F787 /* AppDelegate */,
				93FBA66B22E9B8D100015EFD /* Support */,
				93EA46F822E888F000A7B0DB /* UI */,
			);
			path = SwiftyJSONAccelerator;
			sourceTree = "<group>";
		};
		93E0F11922E859D6008D3B16 /* SwiftyJSONAcceleratorTests */ = {
			isa = PBXGroup;
			children = (
				93050D9822F54AD100FBCA6B /* Support Files */,
				9341B64722F98EE30092D16D /* FileGeneratorTests.swift */,
				93E0F11C22E859D6008D3B16 /* Info.plist */,
				93FDFB5022F2BECD007D5498 /* JSONHelperTests.swift */,
				93050DA322F54B2800FBCA6B /* ModelGeneratorTests.swift */,
				93846D3922E8BAE20051D564 /* StringTests.swift */,
			);
			path = SwiftyJSONAcceleratorTests;
			sourceTree = "<group>";
		};
		93EA46F822E888F000A7B0DB /* UI */ = {
			isa = PBXGroup;
			children = (
				93EA470122E890A100A7B0DB /* External-Libraries */,
				93E0F10922E859D5008D3B16 /* SJEditorViewController.swift */,
				93EA46FB22E8896000A7B0DB /* SJTextView.swift */,
			);
			path = UI;
			sourceTree = "<group>";
		};
		93EA470122E890A100A7B0DB /* External-Libraries */ = {
			isa = PBXGroup;
			children = (
				93EA46FF22E8908A00A7B0DB /* LineNumberRulerView.swift */,
			);
			path = "External-Libraries";
			sourceTree = "<group>";
		};
		93FBA66A22E9B8A000015EFD /* Generator */ = {
			isa = PBXGroup;
			children = (
				93FBA67B22E9C2FF00015EFD /* Model-File-Components */,
				93FBA67922E9C2D700015EFD /* FileGenerator.swift */,
				93FBA68522E9F40E00015EFD /* FileGeneratorExtension.swift */,
				93FBA66C22E9B8EA00015EFD /* ModalGenerator.swift */,
				93FBA66F22E9B97A00015EFD /* ModelGenerationConfiguration.swift */,
				93FBA67722E9BDA200015EFD /* NameGenerator.swift */,
			);
			path = Generator;
			sourceTree = "<group>";
		};
		93FBA66B22E9B8D100015EFD /* Support */ = {
			isa = PBXGroup;
			children = (
				93E0F10B22E859D6008D3B16 /* Assets.xcassets */,
				93E0F11022E859D6008D3B16 /* Info.plist */,
				93E0F10D22E859D6008D3B16 /* Main.storyboard */,
				93E0F11122E859D6008D3B16 /* SwiftyJSONAccelerator.entitlements */,
			);
			path = Support;
			sourceTree = "<group>";
		};
		93FBA67B22E9C2FF00015EFD /* Model-File-Components */ = {
			isa = PBXGroup;
			children = (
				93FBA67522E9BCA100015EFD /* ModelComponent.swift */,
				93FBA67122E9BB4800015EFD /* ModelFile.swift */,
				93FBA67322E9BC5200015EFD /* PropertyComponent.swift */,
				93FBA68322E9E5B100015EFD /* SwiftJSONModelFile.swift */,
			);
			path = "Model-File-Components";
			sourceTree = "<group>";
		};
		93FBA68022E9DFFC00015EFD /* Template */ = {
			isa = PBXGroup;
			children = (
				93FBA68222E9E05100015EFD /* BaseTemplate.txt */,
			);
			path = Template;
			sourceTree = "<group>";
		};
		9CC06C3DBF72A63524446DAC /* Frameworks */ = {
			isa = PBXGroup;
			children = (
				9C761827F34F7ABFE85AF9E1 /* Pods_SwiftyJSONAccelerator.framework */,
				5DD79F3F4CA34990ED57C901 /* Pods_SwiftyJSONAcceleratorTests.framework */,
			);
			name = Frameworks;
			sourceTree = "<group>";
		};
/* End PBXGroup section */

/* Begin PBXNativeTarget section */
		93E0F10322E859D5008D3B16 /* SwiftyJSONAccelerator */ = {
			isa = PBXNativeTarget;
			buildConfigurationList = 93E0F11F22E859D6008D3B16 /* Build configuration list for PBXNativeTarget "SwiftyJSONAccelerator" */;
			buildPhases = (
				9D410F870EFF22F4E4BEE9C9 /* [CP] Check Pods Manifest.lock */,
				93E0F10022E859D5008D3B16 /* Sources */,
				93E0F10122E859D5008D3B16 /* Frameworks */,
				93E0F10222E859D5008D3B16 /* Resources */,
				935F7E4722F3852E0003F787 /* Swiftlint */,
				937D9DF122E8962F00A83D84 /* Swiftformat */,
				A802EAF639CE91FCE6AB21CD /* [CP] Embed Pods Frameworks */,
			);
			buildRules = (
			);
			dependencies = (
			);
			name = SwiftyJSONAccelerator;
			productName = SwiftyJSONAccelerator;
			productReference = 93E0F10422E859D5008D3B16 /* SwiftyJSONAccelerator.app */;
			productType = "com.apple.product-type.application";
		};
		93E0F11522E859D6008D3B16 /* SwiftyJSONAcceleratorTests */ = {
			isa = PBXNativeTarget;
			buildConfigurationList = 93E0F12222E859D6008D3B16 /* Build configuration list for PBXNativeTarget "SwiftyJSONAcceleratorTests" */;
			buildPhases = (
				3C651344C29B072C5A2C8417 /* [CP] Check Pods Manifest.lock */,
				93E0F11222E859D6008D3B16 /* Sources */,
				93E0F11322E859D6008D3B16 /* Frameworks */,
				93E0F11422E859D6008D3B16 /* Resources */,
			);
			buildRules = (
			);
			dependencies = (
				93E0F11822E859D6008D3B16 /* PBXTargetDependency */,
			);
			name = SwiftyJSONAcceleratorTests;
			productName = SwiftyJSONAcceleratorTests;
			productReference = 93E0F11622E859D6008D3B16 /* SwiftyJSONAcceleratorTests.xctest */;
			productType = "com.apple.product-type.bundle.unit-test";
		};
/* End PBXNativeTarget section */

/* Begin PBXProject section */
		93E0F0FC22E859D5008D3B16 /* Project object */ = {
			isa = PBXProject;
			attributes = {
				LastSwiftUpdateCheck = 1030;
				LastUpgradeCheck = 1030;
				ORGANIZATIONNAME = "Karthikeya Udupa";
				TargetAttributes = {
					93E0F10322E859D5008D3B16 = {
						CreatedOnToolsVersion = 10.3;
					};
					93E0F11522E859D6008D3B16 = {
						CreatedOnToolsVersion = 10.3;
						TestTargetID = 93E0F10322E859D5008D3B16;
					};
				};
			};
			buildConfigurationList = 93E0F0FF22E859D5008D3B16 /* Build configuration list for PBXProject "SwiftyJSONAccelerator" */;
			compatibilityVersion = "Xcode 9.3";
			developmentRegion = en;
			hasScannedForEncodings = 0;
			knownRegions = (
				en,
				Base,
			);
			mainGroup = 93E0F0FB22E859D5008D3B16;
			productRefGroup = 93E0F10522E859D5008D3B16 /* Products */;
			projectDirPath = "";
			projectRoot = "";
			targets = (
				93E0F10322E859D5008D3B16 /* SwiftyJSONAccelerator */,
				93E0F11522E859D6008D3B16 /* SwiftyJSONAcceleratorTests */,
			);
		};
/* End PBXProject section */

/* Begin PBXResourcesBuildPhase section */
		93E0F10222E859D5008D3B16 /* Resources */ = {
			isa = PBXResourcesBuildPhase;
			buildActionMask = 2147483647;
			files = (
				93E0F10C22E859D6008D3B16 /* Assets.xcassets in Resources */,
				93FBA68722E9F70A00015EFD /* BaseTemplate.txt in Resources */,
				93E0F10F22E859D6008D3B16 /* Main.storyboard in Resources */,
			);
			runOnlyForDeploymentPostprocessing = 0;
		};
		93E0F11422E859D6008D3B16 /* Resources */ = {
			isa = PBXResourcesBuildPhase;
			buildActionMask = 2147483647;
			files = (
				93FDFB4E22F23960007D5498 /* BaseTemplate.txt in Resources */,
				93050DA222F54ADB00FBCA6B /* TestJSONFile.sample in Resources */,
			);
			runOnlyForDeploymentPostprocessing = 0;
		};
/* End PBXResourcesBuildPhase section */

/* Begin PBXShellScriptBuildPhase section */
		3C651344C29B072C5A2C8417 /* [CP] Check Pods Manifest.lock */ = {
			isa = PBXShellScriptBuildPhase;
			buildActionMask = 2147483647;
			files = (
			);
			inputFileListPaths = (
			);
			inputPaths = (
				"${PODS_PODFILE_DIR_PATH}/Podfile.lock",
				"${PODS_ROOT}/Manifest.lock",
			);
			name = "[CP] Check Pods Manifest.lock";
			outputFileListPaths = (
			);
			outputPaths = (
				"$(DERIVED_FILE_DIR)/Pods-SwiftyJSONAcceleratorTests-checkManifestLockResult.txt",
			);
			runOnlyForDeploymentPostprocessing = 0;
			shellPath = /bin/sh;
			shellScript = "diff \"${PODS_PODFILE_DIR_PATH}/Podfile.lock\" \"${PODS_ROOT}/Manifest.lock\" > /dev/null\nif [ $? != 0 ] ; then\n    # print error to STDERR\n    echo \"error: The sandbox is not in sync with the Podfile.lock. Run 'pod install' or update your CocoaPods installation.\" >&2\n    exit 1\nfi\n# This output is used by Xcode 'outputs' to avoid re-running this script phase.\necho \"SUCCESS\" > \"${SCRIPT_OUTPUT_FILE_0}\"\n";
			showEnvVarsInLog = 0;
		};
		935F7E4722F3852E0003F787 /* Swiftlint */ = {
			isa = PBXShellScriptBuildPhase;
			buildActionMask = 2147483647;
			files = (
			);
			inputFileListPaths = (
			);
			inputPaths = (
			);
			name = Swiftlint;
			outputFileListPaths = (
			);
			outputPaths = (
			);
			runOnlyForDeploymentPostprocessing = 0;
			shellPath = /bin/sh;
			shellScript = "if which swiftlint >/dev/null; then\nswiftlint autocorrect\nswiftlint\nelse\necho \"warning: SwiftLint not installed, download from https://github.com/realm/SwiftLint\"\nfi\n";
		};
		937D9DF122E8962F00A83D84 /* Swiftformat */ = {
			isa = PBXShellScriptBuildPhase;
			buildActionMask = 2147483647;
			files = (
			);
			inputFileListPaths = (
			);
			inputPaths = (
			);
			name = Swiftformat;
			outputFileListPaths = (
			);
			outputPaths = (
			);
			runOnlyForDeploymentPostprocessing = 0;
			shellPath = /bin/sh;
			shellScript = "if which swiftformat >/dev/null; then\nswiftformat .\nelse\necho \"warning: SwiftFormat not installed, download from https://github.com/nicklockwood/SwiftFormat\"\nfi\n";
		};
		9D410F870EFF22F4E4BEE9C9 /* [CP] Check Pods Manifest.lock */ = {
			isa = PBXShellScriptBuildPhase;
			buildActionMask = 2147483647;
			files = (
			);
			inputFileListPaths = (
			);
			inputPaths = (
				"${PODS_PODFILE_DIR_PATH}/Podfile.lock",
				"${PODS_ROOT}/Manifest.lock",
			);
			name = "[CP] Check Pods Manifest.lock";
			outputFileListPaths = (
			);
			outputPaths = (
				"$(DERIVED_FILE_DIR)/Pods-SwiftyJSONAccelerator-checkManifestLockResult.txt",
			);
			runOnlyForDeploymentPostprocessing = 0;
			shellPath = /bin/sh;
			shellScript = "diff \"${PODS_PODFILE_DIR_PATH}/Podfile.lock\" \"${PODS_ROOT}/Manifest.lock\" > /dev/null\nif [ $? != 0 ] ; then\n    # print error to STDERR\n    echo \"error: The sandbox is not in sync with the Podfile.lock. Run 'pod install' or update your CocoaPods installation.\" >&2\n    exit 1\nfi\n# This output is used by Xcode 'outputs' to avoid re-running this script phase.\necho \"SUCCESS\" > \"${SCRIPT_OUTPUT_FILE_0}\"\n";
			showEnvVarsInLog = 0;
		};
		A802EAF639CE91FCE6AB21CD /* [CP] Embed Pods Frameworks */ = {
			isa = PBXShellScriptBuildPhase;
			buildActionMask = 2147483647;
			files = (
			);
			inputFileListPaths = (
				"${PODS_ROOT}/Target Support Files/Pods-SwiftyJSONAccelerator/Pods-SwiftyJSONAccelerator-frameworks-${CONFIGURATION}-input-files.xcfilelist",
			);
			name = "[CP] Embed Pods Frameworks";
			outputFileListPaths = (
				"${PODS_ROOT}/Target Support Files/Pods-SwiftyJSONAccelerator/Pods-SwiftyJSONAccelerator-frameworks-${CONFIGURATION}-output-files.xcfilelist",
			);
			runOnlyForDeploymentPostprocessing = 0;
			shellPath = /bin/sh;
			shellScript = "\"${PODS_ROOT}/Target Support Files/Pods-SwiftyJSONAccelerator/Pods-SwiftyJSONAccelerator-frameworks.sh\"\n";
			showEnvVarsInLog = 0;
		};
/* End PBXShellScriptBuildPhase section */

/* Begin PBXSourcesBuildPhase section */
		93E0F10022E859D5008D3B16 /* Sources */ = {
			isa = PBXSourcesBuildPhase;
			buildActionMask = 2147483647;
			files = (
				93FBA67022E9B97B00015EFD /* ModelGenerationConfiguration.swift in Sources */,
				93FBA67A22E9C2D700015EFD /* FileGenerator.swift in Sources */,
				93EA46FC22E8896000A7B0DB /* SJTextView.swift in Sources */,
				93E0F10A22E859D5008D3B16 /* SJEditorViewController.swift in Sources */,
				93FBA67222E9BB4800015EFD /* ModelFile.swift in Sources */,
				93FBA68422E9E5B100015EFD /* SwiftJSONModelFile.swift in Sources */,
				937D9DF822E89CAC00A83D84 /* JSONHelper.swift in Sources */,
				93FBA66D22E9B8EA00015EFD /* ModalGenerator.swift in Sources */,
				93FBA67822E9BDA200015EFD /* NameGenerator.swift in Sources */,
				93EA470022E8908A00A7B0DB /* LineNumberRulerView.swift in Sources */,
				937D9DFC22E89F4800A83D84 /* Constants.swift in Sources */,
				93FBA68622E9F40F00015EFD /* FileGeneratorExtension.swift in Sources */,
				93E0F10822E859D5008D3B16 /* AppDelegate.swift in Sources */,
				937D9DF922E89CAC00A83D84 /* StringExtensions.swift in Sources */,
				93FBA67422E9BC5200015EFD /* PropertyComponent.swift in Sources */,
				93FBA67622E9BCA100015EFD /* ModelComponent.swift in Sources */,
			);
			runOnlyForDeploymentPostprocessing = 0;
		};
		93E0F11222E859D6008D3B16 /* Sources */ = {
			isa = PBXSourcesBuildPhase;
			buildActionMask = 2147483647;
			files = (
				93FDFB4D22F2394B007D5498 /* StringExtensions.swift in Sources */,
				93FDFB4722F23942007D5498 /* NameGenerator.swift in Sources */,
				93FDFB4B22F23946007D5498 /* SwiftJSONModelFile.swift in Sources */,
				93846D3A22E8BAE20051D564 /* StringTests.swift in Sources */,
				93FDFB4622F23942007D5498 /* ModelGenerationConfiguration.swift in Sources */,
				93FDFB4922F23946007D5498 /* ModelFile.swift in Sources */,
				93FDFB4A22F23946007D5498 /* PropertyComponent.swift in Sources */,
				93FDFB5122F2BECD007D5498 /* JSONHelperTests.swift in Sources */,
				93FDFB4F22F23962007D5498 /* Constants.swift in Sources */,
				93FDFB4322F23942007D5498 /* FileGenerator.swift in Sources */,
				93FDFB4422F23942007D5498 /* FileGeneratorExtension.swift in Sources */,
				93050DA422F54B2800FBCA6B /* ModelGeneratorTests.swift in Sources */,
				93FDFB4C22F2394B007D5498 /* JSONHelper.swift in Sources */,
				9341B64822F98EE30092D16D /* FileGeneratorTests.swift in Sources */,
				93FDFB4522F23942007D5498 /* ModalGenerator.swift in Sources */,
				93FDFB4822F23946007D5498 /* ModelComponent.swift in Sources */,
			);
			runOnlyForDeploymentPostprocessing = 0;
		};
/* End PBXSourcesBuildPhase section */

/* Begin PBXTargetDependency section */
		93E0F11822E859D6008D3B16 /* PBXTargetDependency */ = {
			isa = PBXTargetDependency;
			target = 93E0F10322E859D5008D3B16 /* SwiftyJSONAccelerator */;
			targetProxy = 93E0F11722E859D6008D3B16 /* PBXContainerItemProxy */;
		};
/* End PBXTargetDependency section */

/* Begin PBXVariantGroup section */
		93E0F10D22E859D6008D3B16 /* Main.storyboard */ = {
			isa = PBXVariantGroup;
			children = (
				93E0F10E22E859D6008D3B16 /* Base */,
			);
			name = Main.storyboard;
			path = .;
			sourceTree = "<group>";
		};
/* End PBXVariantGroup section */

/* Begin XCBuildConfiguration section */
		93E0F11D22E859D6008D3B16 /* Debug */ = {
			isa = XCBuildConfiguration;
			buildSettings = {
				ALWAYS_SEARCH_USER_PATHS = NO;
				CLANG_ANALYZER_NONNULL = YES;
				CLANG_ANALYZER_NUMBER_OBJECT_CONVERSION = YES_AGGRESSIVE;
				CLANG_CXX_LANGUAGE_STANDARD = "gnu++14";
				CLANG_CXX_LIBRARY = "libc++";
				CLANG_ENABLE_MODULES = YES;
				CLANG_ENABLE_OBJC_ARC = YES;
				CLANG_ENABLE_OBJC_WEAK = YES;
				CLANG_WARN_BLOCK_CAPTURE_AUTORELEASING = YES;
				CLANG_WARN_BOOL_CONVERSION = YES;
				CLANG_WARN_COMMA = YES;
				CLANG_WARN_CONSTANT_CONVERSION = YES;
				CLANG_WARN_DEPRECATED_OBJC_IMPLEMENTATIONS = YES;
				CLANG_WARN_DIRECT_OBJC_ISA_USAGE = YES_ERROR;
				CLANG_WARN_DOCUMENTATION_COMMENTS = YES;
				CLANG_WARN_EMPTY_BODY = YES;
				CLANG_WARN_ENUM_CONVERSION = YES;
				CLANG_WARN_INFINITE_RECURSION = YES;
				CLANG_WARN_INT_CONVERSION = YES;
				CLANG_WARN_NON_LITERAL_NULL_CONVERSION = YES;
				CLANG_WARN_OBJC_IMPLICIT_RETAIN_SELF = YES;
				CLANG_WARN_OBJC_LITERAL_CONVERSION = YES;
				CLANG_WARN_OBJC_ROOT_CLASS = YES_ERROR;
				CLANG_WARN_RANGE_LOOP_ANALYSIS = YES;
				CLANG_WARN_STRICT_PROTOTYPES = YES;
				CLANG_WARN_SUSPICIOUS_MOVE = YES;
				CLANG_WARN_UNGUARDED_AVAILABILITY = YES_AGGRESSIVE;
				CLANG_WARN_UNREACHABLE_CODE = YES;
				CLANG_WARN__DUPLICATE_METHOD_MATCH = YES;
				CODE_SIGN_IDENTITY = "Mac Developer";
				COPY_PHASE_STRIP = NO;
				DEBUG_INFORMATION_FORMAT = dwarf;
				ENABLE_STRICT_OBJC_MSGSEND = YES;
				ENABLE_TESTABILITY = YES;
				GCC_C_LANGUAGE_STANDARD = gnu11;
				GCC_DYNAMIC_NO_PIC = NO;
				GCC_NO_COMMON_BLOCKS = YES;
				GCC_OPTIMIZATION_LEVEL = 0;
				GCC_PREPROCESSOR_DEFINITIONS = (
					"DEBUG=1",
					"$(inherited)",
				);
				GCC_WARN_64_TO_32_BIT_CONVERSION = YES;
				GCC_WARN_ABOUT_RETURN_TYPE = YES_ERROR;
				GCC_WARN_UNDECLARED_SELECTOR = YES;
				GCC_WARN_UNINITIALIZED_AUTOS = YES_AGGRESSIVE;
				GCC_WARN_UNUSED_FUNCTION = YES;
				GCC_WARN_UNUSED_VARIABLE = YES;
				MACOSX_DEPLOYMENT_TARGET = 10.14;
				MTL_ENABLE_DEBUG_INFO = INCLUDE_SOURCE;
				MTL_FAST_MATH = YES;
				ONLY_ACTIVE_ARCH = YES;
				SDKROOT = macosx;
				SWIFT_ACTIVE_COMPILATION_CONDITIONS = DEBUG;
				SWIFT_OPTIMIZATION_LEVEL = "-Onone";
			};
			name = Debug;
		};
		93E0F11E22E859D6008D3B16 /* Release */ = {
			isa = XCBuildConfiguration;
			buildSettings = {
				ALWAYS_SEARCH_USER_PATHS = NO;
				CLANG_ANALYZER_NONNULL = YES;
				CLANG_ANALYZER_NUMBER_OBJECT_CONVERSION = YES_AGGRESSIVE;
				CLANG_CXX_LANGUAGE_STANDARD = "gnu++14";
				CLANG_CXX_LIBRARY = "libc++";
				CLANG_ENABLE_MODULES = YES;
				CLANG_ENABLE_OBJC_ARC = YES;
				CLANG_ENABLE_OBJC_WEAK = YES;
				CLANG_WARN_BLOCK_CAPTURE_AUTORELEASING = YES;
				CLANG_WARN_BOOL_CONVERSION = YES;
				CLANG_WARN_COMMA = YES;
				CLANG_WARN_CONSTANT_CONVERSION = YES;
				CLANG_WARN_DEPRECATED_OBJC_IMPLEMENTATIONS = YES;
				CLANG_WARN_DIRECT_OBJC_ISA_USAGE = YES_ERROR;
				CLANG_WARN_DOCUMENTATION_COMMENTS = YES;
				CLANG_WARN_EMPTY_BODY = YES;
				CLANG_WARN_ENUM_CONVERSION = YES;
				CLANG_WARN_INFINITE_RECURSION = YES;
				CLANG_WARN_INT_CONVERSION = YES;
				CLANG_WARN_NON_LITERAL_NULL_CONVERSION = YES;
				CLANG_WARN_OBJC_IMPLICIT_RETAIN_SELF = YES;
				CLANG_WARN_OBJC_LITERAL_CONVERSION = YES;
				CLANG_WARN_OBJC_ROOT_CLASS = YES_ERROR;
				CLANG_WARN_RANGE_LOOP_ANALYSIS = YES;
				CLANG_WARN_STRICT_PROTOTYPES = YES;
				CLANG_WARN_SUSPICIOUS_MOVE = YES;
				CLANG_WARN_UNGUARDED_AVAILABILITY = YES_AGGRESSIVE;
				CLANG_WARN_UNREACHABLE_CODE = YES;
				CLANG_WARN__DUPLICATE_METHOD_MATCH = YES;
				CODE_SIGN_IDENTITY = "Mac Developer";
				COPY_PHASE_STRIP = NO;
				DEBUG_INFORMATION_FORMAT = "dwarf-with-dsym";
				ENABLE_NS_ASSERTIONS = NO;
				ENABLE_STRICT_OBJC_MSGSEND = YES;
				GCC_C_LANGUAGE_STANDARD = gnu11;
				GCC_NO_COMMON_BLOCKS = YES;
				GCC_WARN_64_TO_32_BIT_CONVERSION = YES;
				GCC_WARN_ABOUT_RETURN_TYPE = YES_ERROR;
				GCC_WARN_UNDECLARED_SELECTOR = YES;
				GCC_WARN_UNINITIALIZED_AUTOS = YES_AGGRESSIVE;
				GCC_WARN_UNUSED_FUNCTION = YES;
				GCC_WARN_UNUSED_VARIABLE = YES;
				MACOSX_DEPLOYMENT_TARGET = 10.14;
				MTL_ENABLE_DEBUG_INFO = NO;
				MTL_FAST_MATH = YES;
				SDKROOT = macosx;
				SWIFT_COMPILATION_MODE = wholemodule;
				SWIFT_OPTIMIZATION_LEVEL = "-O";
			};
			name = Release;
		};
		93E0F12022E859D6008D3B16 /* Debug */ = {
			isa = XCBuildConfiguration;
			baseConfigurationReference = 2ABC7D6BA5C84B6E9C5E8547 /* Pods-SwiftyJSONAccelerator.debug.xcconfig */;
			buildSettings = {
				ASSETCATALOG_COMPILER_APPICON_NAME = AppIcon;
				CODE_SIGN_ENTITLEMENTS = SwiftyJSONAccelerator/Support/SwiftyJSONAccelerator.entitlements;
				CODE_SIGN_STYLE = Automatic;
				COMBINE_HIDPI_IMAGES = YES;
				DEVELOPMENT_TEAM = UYGU8PDBPS;
				INFOPLIST_FILE = SwiftyJSONAccelerator/Support/Info.plist;
				LD_RUNPATH_SEARCH_PATHS = (
					"$(inherited)",
					"@executable_path/../Frameworks",
				);
				MACOSX_DEPLOYMENT_TARGET = 10.11;
				PRODUCT_BUNDLE_IDENTIFIER = com.karthik.SwiftyJSONAccelerator;
				PRODUCT_NAME = "$(TARGET_NAME)";
				SWIFT_VERSION = 5.0;
			};
			name = Debug;
		};
		93E0F12122E859D6008D3B16 /* Release */ = {
			isa = XCBuildConfiguration;
			baseConfigurationReference = DA85A8FD9057653442961237 /* Pods-SwiftyJSONAccelerator.release.xcconfig */;
			buildSettings = {
				ASSETCATALOG_COMPILER_APPICON_NAME = AppIcon;
				CODE_SIGN_ENTITLEMENTS = SwiftyJSONAccelerator/Support/SwiftyJSONAccelerator.entitlements;
				CODE_SIGN_STYLE = Automatic;
				COMBINE_HIDPI_IMAGES = YES;
				DEVELOPMENT_TEAM = UYGU8PDBPS;
				INFOPLIST_FILE = SwiftyJSONAccelerator/Support/Info.plist;
				LD_RUNPATH_SEARCH_PATHS = (
					"$(inherited)",
					"@executable_path/../Frameworks",
				);
				MACOSX_DEPLOYMENT_TARGET = 10.11;
				PRODUCT_BUNDLE_IDENTIFIER = com.karthik.SwiftyJSONAccelerator;
				PRODUCT_NAME = "$(TARGET_NAME)";
				SWIFT_VERSION = 5.0;
			};
			name = Release;
		};
		93E0F12322E859D6008D3B16 /* Debug */ = {
			isa = XCBuildConfiguration;
			baseConfigurationReference = 9C98DCCC52F206DFAE6F188A /* Pods-SwiftyJSONAcceleratorTests.debug.xcconfig */;
			buildSettings = {
				ALWAYS_EMBED_SWIFT_STANDARD_LIBRARIES = YES;
				BUNDLE_LOADER = "$(TEST_HOST)";
				CODE_SIGN_IDENTITY = "Mac Developer";
				CODE_SIGN_STYLE = Automatic;
				COMBINE_HIDPI_IMAGES = YES;
				DEVELOPMENT_TEAM = UYGU8PDBPS;
				INFOPLIST_FILE = SwiftyJSONAcceleratorTests/Info.plist;
				LD_RUNPATH_SEARCH_PATHS = (
					"$(inherited)",
					"@executable_path/../Frameworks",
					"@loader_path/../Frameworks",
				);
				PRODUCT_BUNDLE_IDENTIFIER = com.karthik.SwiftyJSONAccelerator.SwiftyJSONAcceleratorTests;
				PRODUCT_NAME = "$(TARGET_NAME)";
				PROVISIONING_PROFILE_SPECIFIER = "";
				SWIFT_VERSION = 5.0;
				TEST_HOST = "$(BUILT_PRODUCTS_DIR)/SwiftyJSONAccelerator.app/Contents/MacOS/SwiftyJSONAccelerator";
			};
			name = Debug;
		};
		93E0F12422E859D6008D3B16 /* Release */ = {
			isa = XCBuildConfiguration;
			baseConfigurationReference = 139667DBBC1C031005A38ECC /* Pods-SwiftyJSONAcceleratorTests.release.xcconfig */;
			buildSettings = {
				ALWAYS_EMBED_SWIFT_STANDARD_LIBRARIES = YES;
				BUNDLE_LOADER = "$(TEST_HOST)";
				CODE_SIGN_IDENTITY = "Mac Developer";
				CODE_SIGN_STYLE = Automatic;
				COMBINE_HIDPI_IMAGES = YES;
				DEVELOPMENT_TEAM = UYGU8PDBPS;
				INFOPLIST_FILE = SwiftyJSONAcceleratorTests/Info.plist;
				LD_RUNPATH_SEARCH_PATHS = (
					"$(inherited)",
					"@executable_path/../Frameworks",
					"@loader_path/../Frameworks",
				);
				PRODUCT_BUNDLE_IDENTIFIER = com.karthik.SwiftyJSONAccelerator.SwiftyJSONAcceleratorTests;
				PRODUCT_NAME = "$(TARGET_NAME)";
				PROVISIONING_PROFILE_SPECIFIER = "";
				SWIFT_VERSION = 5.0;
				TEST_HOST = "$(BUILT_PRODUCTS_DIR)/SwiftyJSONAccelerator.app/Contents/MacOS/SwiftyJSONAccelerator";
			};
			name = Release;
		};
/* End XCBuildConfiguration section */

/* Begin XCConfigurationList section */
		93E0F0FF22E859D5008D3B16 /* Build configuration list for PBXProject "SwiftyJSONAccelerator" */ = {
			isa = XCConfigurationList;
			buildConfigurations = (
				93E0F11D22E859D6008D3B16 /* Debug */,
				93E0F11E22E859D6008D3B16 /* Release */,
			);
			defaultConfigurationIsVisible = 0;
			defaultConfigurationName = Release;
		};
		93E0F11F22E859D6008D3B16 /* Build configuration list for PBXNativeTarget "SwiftyJSONAccelerator" */ = {
			isa = XCConfigurationList;
			buildConfigurations = (
				93E0F12022E859D6008D3B16 /* Debug */,
				93E0F12122E859D6008D3B16 /* Release */,
			);
			defaultConfigurationIsVisible = 0;
			defaultConfigurationName = Release;
		};
		93E0F12222E859D6008D3B16 /* Build configuration list for PBXNativeTarget "SwiftyJSONAcceleratorTests" */ = {
			isa = XCConfigurationList;
			buildConfigurations = (
				93E0F12322E859D6008D3B16 /* Debug */,
				93E0F12422E859D6008D3B16 /* Release */,
			);
			defaultConfigurationIsVisible = 0;
			defaultConfigurationName = Release;
		};
/* End XCConfigurationList section */
	};
	rootObject = 93E0F0FC22E859D5008D3B16 /* Project object */;
}
