// !$*UTF8*$!
{
	archiveVersion = 1;
	classes = {
	};
	objectVersion = 46;
	objects = {

/* Begin PBXBuildFile section */
		9341A14A1BD6E5FE0048CE2C /* SJModelGenerator.swift in Sources */ = {isa = PBXBuildFile; fileRef = 9341A1491BD6E5FE0048CE2C /* SJModelGenerator.swift */; };
		9341A14C1BD6E6300048CE2C /* SwiftyJSON.swift in Sources */ = {isa = PBXBuildFile; fileRef = 9341A14B1BD6E6300048CE2C /* SwiftyJSON.swift */; };
		9341A14F1BD6E7290048CE2C /* BaseTemplate.txt in Resources */ = {isa = PBXBuildFile; fileRef = 9341A14E1BD6E7290048CE2C /* BaseTemplate.txt */; };
		9341A1521BD6E9EC0048CE2C /* SwiftyJSON.swift in Sources */ = {isa = PBXBuildFile; fileRef = 9341A14B1BD6E6300048CE2C /* SwiftyJSON.swift */; };
		9361FD141BD18558001ED533 /* LineNumberRulerView.swift in Sources */ = {isa = PBXBuildFile; fileRef = 9361FD131BD18558001ED533 /* LineNumberRulerView.swift */; };
		9362F8661BD07DBA0001372E /* JSONHelperTests.swift in Sources */ = {isa = PBXBuildFile; fileRef = 9362F8651BD07DBA0001372E /* JSONHelperTests.swift */; };
		9395707B1D008A860039453D /* ModelFileComponent.swift in Sources */ = {isa = PBXBuildFile; fileRef = 9395707A1D008A860039453D /* ModelFileComponent.swift */; };
		93CDE7721BD1A00B00B5B234 /* SJTextView.swift in Sources */ = {isa = PBXBuildFile; fileRef = 93CDE7711BD1A00B00B5B234 /* SJTextView.swift */; };
		93E91B0D1CFF2DFF00ECA2A6 /* Constants.swift in Sources */ = {isa = PBXBuildFile; fileRef = 93E91B0C1CFF2DFF00ECA2A6 /* Constants.swift */; };
		93F1592C1CFF826900175636 /* ModelGenerationConfiguration.swift in Sources */ = {isa = PBXBuildFile; fileRef = 93F1592B1CFF826900175636 /* ModelGenerationConfiguration.swift */; };
		93F1592E1CFF830400175636 /* ModelMappingLibraryResult.swift in Sources */ = {isa = PBXBuildFile; fileRef = 93F1592D1CFF830400175636 /* ModelMappingLibraryResult.swift */; };
		93F159301CFF832100175636 /* ModelFile.swift in Sources */ = {isa = PBXBuildFile; fileRef = 93F1592F1CFF832100175636 /* ModelFile.swift */; };
		93F159361CFF83A800175636 /* String+Helpers.swift in Sources */ = {isa = PBXBuildFile; fileRef = 93F159351CFF83A800175636 /* String+Helpers.swift */; };
		93F159381CFF842D00175636 /* JSON+Helper.swift in Sources */ = {isa = PBXBuildFile; fileRef = 93F159371CFF842D00175636 /* JSON+Helper.swift */; };
		93F1593A1CFF853C00175636 /* NameGenerator.swift in Sources */ = {isa = PBXBuildFile; fileRef = 93F159391CFF853C00175636 /* NameGenerator.swift */; };
		93F1593C1CFF920500175636 /* SJModelGeneratorTests.swift in Sources */ = {isa = PBXBuildFile; fileRef = 93F1593B1CFF920500175636 /* SJModelGeneratorTests.swift */; };
		93F1593E1CFF969900175636 /* SwiftyJSONModelFile.swift in Sources */ = {isa = PBXBuildFile; fileRef = 93F1593D1CFF969900175636 /* SwiftyJSONModelFile.swift */; };
		93F159401CFF96E700175636 /* ObjectMapperModelFile.swift in Sources */ = {isa = PBXBuildFile; fileRef = 93F1593F1CFF96E700175636 /* ObjectMapperModelFile.swift */; };
		93F174431BD0707D007E7DFC /* AppDelegate.swift in Sources */ = {isa = PBXBuildFile; fileRef = 93F174421BD0707D007E7DFC /* AppDelegate.swift */; };
		93F174451BD0707D007E7DFC /* SJEditorViewController.swift in Sources */ = {isa = PBXBuildFile; fileRef = 93F174441BD0707D007E7DFC /* SJEditorViewController.swift */; };
		93F174471BD0707D007E7DFC /* Assets.xcassets in Resources */ = {isa = PBXBuildFile; fileRef = 93F174461BD0707D007E7DFC /* Assets.xcassets */; };
		93F1744A1BD0707D007E7DFC /* Main.storyboard in Resources */ = {isa = PBXBuildFile; fileRef = 93F174481BD0707D007E7DFC /* Main.storyboard */; };
		93F174551BD0707D007E7DFC /* SwiftyJSONAcceleratorTests.swift in Sources */ = {isa = PBXBuildFile; fileRef = 93F174541BD0707D007E7DFC /* SwiftyJSONAcceleratorTests.swift */; };
		93F174601BD070AA007E7DFC /* JSONHelper.swift in Sources */ = {isa = PBXBuildFile; fileRef = 93F1745F1BD070AA007E7DFC /* JSONHelper.swift */; };
		C667011B1BDCABCE009BA254 /* SwiftyJSONTemplate.txt in Resources */ = {isa = PBXBuildFile; fileRef = C667011A1BDCABCE009BA254 /* SwiftyJSONTemplate.txt */; };
		C667011D1BDCAF23009BA254 /* ObjectMapperTemplate.txt in Resources */ = {isa = PBXBuildFile; fileRef = C667011C1BDCAF23009BA254 /* ObjectMapperTemplate.txt */; };
		C667011F1BDCBE1F009BA254 /* NSCodingTemplate.txt in Resources */ = {isa = PBXBuildFile; fileRef = C667011E1BDCBE1F009BA254 /* NSCodingTemplate.txt */; };
/* End PBXBuildFile section */

/* Begin PBXContainerItemProxy section */
		93F174511BD0707D007E7DFC /* PBXContainerItemProxy */ = {
			isa = PBXContainerItemProxy;
			containerPortal = 93F174371BD0707D007E7DFC /* Project object */;
			proxyType = 1;
			remoteGlobalIDString = 93F1743E1BD0707D007E7DFC;
			remoteInfo = SwifyJSONAccelerator;
		};
/* End PBXContainerItemProxy section */

/* Begin PBXFileReference section */
		9341A1491BD6E5FE0048CE2C /* SJModelGenerator.swift */ = {isa = PBXFileReference; fileEncoding = 4; lastKnownFileType = sourcecode.swift; path = SJModelGenerator.swift; sourceTree = "<group>"; };
		9341A14B1BD6E6300048CE2C /* SwiftyJSON.swift */ = {isa = PBXFileReference; fileEncoding = 4; lastKnownFileType = sourcecode.swift; path = SwiftyJSON.swift; sourceTree = "<group>"; };
		9341A14E1BD6E7290048CE2C /* BaseTemplate.txt */ = {isa = PBXFileReference; fileEncoding = 4; lastKnownFileType = text; path = BaseTemplate.txt; sourceTree = "<group>"; };
		9361FD131BD18558001ED533 /* LineNumberRulerView.swift */ = {isa = PBXFileReference; fileEncoding = 4; lastKnownFileType = sourcecode.swift; path = LineNumberRulerView.swift; sourceTree = "<group>"; };
		9362F8651BD07DBA0001372E /* JSONHelperTests.swift */ = {isa = PBXFileReference; fileEncoding = 4; lastKnownFileType = sourcecode.swift; path = JSONHelperTests.swift; sourceTree = "<group>"; };
		9395707A1D008A860039453D /* ModelFileComponent.swift */ = {isa = PBXFileReference; fileEncoding = 4; lastKnownFileType = sourcecode.swift; path = ModelFileComponent.swift; sourceTree = "<group>"; };
		93CDE7711BD1A00B00B5B234 /* SJTextView.swift */ = {isa = PBXFileReference; fileEncoding = 4; lastKnownFileType = sourcecode.swift; path = SJTextView.swift; sourceTree = "<group>"; };
		93E91B0C1CFF2DFF00ECA2A6 /* Constants.swift */ = {isa = PBXFileReference; fileEncoding = 4; lastKnownFileType = sourcecode.swift; name = Constants.swift; path = ../Constants.swift; sourceTree = "<group>"; };
		93F1592B1CFF826900175636 /* ModelGenerationConfiguration.swift */ = {isa = PBXFileReference; fileEncoding = 4; lastKnownFileType = sourcecode.swift; path = ModelGenerationConfiguration.swift; sourceTree = "<group>"; };
		93F1592D1CFF830400175636 /* ModelMappingLibraryResult.swift */ = {isa = PBXFileReference; fileEncoding = 4; lastKnownFileType = sourcecode.swift; path = ModelMappingLibraryResult.swift; sourceTree = "<group>"; };
		93F1592F1CFF832100175636 /* ModelFile.swift */ = {isa = PBXFileReference; fileEncoding = 4; lastKnownFileType = sourcecode.swift; path = ModelFile.swift; sourceTree = "<group>"; };
		93F159351CFF83A800175636 /* String+Helpers.swift */ = {isa = PBXFileReference; fileEncoding = 4; lastKnownFileType = sourcecode.swift; path = "String+Helpers.swift"; sourceTree = "<group>"; };
		93F159371CFF842D00175636 /* JSON+Helper.swift */ = {isa = PBXFileReference; fileEncoding = 4; lastKnownFileType = sourcecode.swift; path = "JSON+Helper.swift"; sourceTree = "<group>"; };
		93F159391CFF853C00175636 /* NameGenerator.swift */ = {isa = PBXFileReference; fileEncoding = 4; lastKnownFileType = sourcecode.swift; path = NameGenerator.swift; sourceTree = "<group>"; };
		93F1593B1CFF920500175636 /* SJModelGeneratorTests.swift */ = {isa = PBXFileReference; fileEncoding = 4; lastKnownFileType = sourcecode.swift; path = SJModelGeneratorTests.swift; sourceTree = "<group>"; };
		93F1593D1CFF969900175636 /* SwiftyJSONModelFile.swift */ = {isa = PBXFileReference; fileEncoding = 4; lastKnownFileType = sourcecode.swift; path = SwiftyJSONModelFile.swift; sourceTree = "<group>"; };
		93F1593F1CFF96E700175636 /* ObjectMapperModelFile.swift */ = {isa = PBXFileReference; fileEncoding = 4; lastKnownFileType = sourcecode.swift; path = ObjectMapperModelFile.swift; sourceTree = "<group>"; };
		93F1743F1BD0707D007E7DFC /* SwiftyJSONAccelerator.app */ = {isa = PBXFileReference; explicitFileType = wrapper.application; includeInIndex = 0; path = SwiftyJSONAccelerator.app; sourceTree = BUILT_PRODUCTS_DIR; };
		93F174421BD0707D007E7DFC /* AppDelegate.swift */ = {isa = PBXFileReference; lastKnownFileType = sourcecode.swift; path = AppDelegate.swift; sourceTree = "<group>"; };
		93F174441BD0707D007E7DFC /* SJEditorViewController.swift */ = {isa = PBXFileReference; lastKnownFileType = sourcecode.swift; path = SJEditorViewController.swift; sourceTree = "<group>"; };
		93F174461BD0707D007E7DFC /* Assets.xcassets */ = {isa = PBXFileReference; lastKnownFileType = folder.assetcatalog; path = Assets.xcassets; sourceTree = "<group>"; };
		93F174491BD0707D007E7DFC /* Base */ = {isa = PBXFileReference; lastKnownFileType = file.storyboard; name = Base; path = Base.lproj/Main.storyboard; sourceTree = "<group>"; };
		93F1744B1BD0707D007E7DFC /* Info.plist */ = {isa = PBXFileReference; lastKnownFileType = text.plist.xml; path = Info.plist; sourceTree = "<group>"; };
		93F174501BD0707D007E7DFC /* SwiftyJSONAccelerator.xctest */ = {isa = PBXFileReference; explicitFileType = wrapper.cfbundle; includeInIndex = 0; path = SwiftyJSONAccelerator.xctest; sourceTree = BUILT_PRODUCTS_DIR; };
		93F174541BD0707D007E7DFC /* SwiftyJSONAcceleratorTests.swift */ = {isa = PBXFileReference; lastKnownFileType = sourcecode.swift; path = SwiftyJSONAcceleratorTests.swift; sourceTree = "<group>"; };
		93F174561BD0707D007E7DFC /* Info.plist */ = {isa = PBXFileReference; lastKnownFileType = text.plist.xml; path = Info.plist; sourceTree = "<group>"; };
		93F1745F1BD070AA007E7DFC /* JSONHelper.swift */ = {isa = PBXFileReference; fileEncoding = 4; lastKnownFileType = sourcecode.swift; name = JSONHelper.swift; path = ../JSONHelper.swift; sourceTree = "<group>"; };
		C667011A1BDCABCE009BA254 /* SwiftyJSONTemplate.txt */ = {isa = PBXFileReference; fileEncoding = 4; lastKnownFileType = text; path = SwiftyJSONTemplate.txt; sourceTree = "<group>"; };
		C667011C1BDCAF23009BA254 /* ObjectMapperTemplate.txt */ = {isa = PBXFileReference; fileEncoding = 4; lastKnownFileType = text; path = ObjectMapperTemplate.txt; sourceTree = "<group>"; };
		C667011E1BDCBE1F009BA254 /* NSCodingTemplate.txt */ = {isa = PBXFileReference; fileEncoding = 4; lastKnownFileType = text; path = NSCodingTemplate.txt; sourceTree = "<group>"; };
/* End PBXFileReference section */

/* Begin PBXFrameworksBuildPhase section */
		93F1743C1BD0707D007E7DFC /* Frameworks */ = {
			isa = PBXFrameworksBuildPhase;
			buildActionMask = 2147483647;
			files = (
			);
			runOnlyForDeploymentPostprocessing = 0;
		};
		93F1744D1BD0707D007E7DFC /* Frameworks */ = {
			isa = PBXFrameworksBuildPhase;
			buildActionMask = 2147483647;
			files = (
			);
			runOnlyForDeploymentPostprocessing = 0;
		};
/* End PBXFrameworksBuildPhase section */

/* Begin PBXGroup section */
		9341A14D1BD6E6EF0048CE2C /* Templates */ = {
			isa = PBXGroup;
			children = (
				9341A14E1BD6E7290048CE2C /* BaseTemplate.txt */,
				C667011E1BDCBE1F009BA254 /* NSCodingTemplate.txt */,
				C667011C1BDCAF23009BA254 /* ObjectMapperTemplate.txt */,
				C667011A1BDCABCE009BA254 /* SwiftyJSONTemplate.txt */,
			);
			name = Templates;
			path = "Base Files";
			sourceTree = "<group>";
		};
		9362D3BC1BD8398A00B927D6 /* External */ = {
			isa = PBXGroup;
			children = (
				9361FD131BD18558001ED533 /* LineNumberRulerView.swift */,
				9341A14B1BD6E6300048CE2C /* SwiftyJSON.swift */,
			);
			name = External;
			path = "External Libraries";
			sourceTree = "<group>";
		};
		93A1264E1BDB8B04002A3B11 /* Model Generation */ = {
			isa = PBXGroup;
			children = (
				93F159391CFF853C00175636 /* NameGenerator.swift */,
				9341A1491BD6E5FE0048CE2C /* SJModelGenerator.swift */,
			);
			path = "Model Generation";
			sourceTree = "<group>";
		};
		93A1264F1BDB8B14002A3B11 /* UI */ = {
			isa = PBXGroup;
			children = (
				93F174421BD0707D007E7DFC /* AppDelegate.swift */,
				93F174441BD0707D007E7DFC /* SJEditorViewController.swift */,
				93CDE7711BD1A00B00B5B234 /* SJTextView.swift */,
			);
			name = UI;
			path = "Application Interface";
			sourceTree = "<group>";
		};
		93F159311CFF835100175636 /* Models */ = {
			isa = PBXGroup;
			children = (
				93F1592F1CFF832100175636 /* ModelFile.swift */,
				93F1592B1CFF826900175636 /* ModelGenerationConfiguration.swift */,
				93F1592D1CFF830400175636 /* ModelMappingLibraryResult.swift */,
				93F1593D1CFF969900175636 /* SwiftyJSONModelFile.swift */,
				93F1593F1CFF96E700175636 /* ObjectMapperModelFile.swift */,
				9395707A1D008A860039453D /* ModelFileComponent.swift */,
			);
			name = Models;
			path = "Model Generation/Models";
			sourceTree = "<group>";
		};
		93F159341CFF837000175636 /* Extensions */ = {
			isa = PBXGroup;
			children = (
				93E91B0C1CFF2DFF00ECA2A6 /* Constants.swift */,
				93F1745F1BD070AA007E7DFC /* JSONHelper.swift */,
				93F159371CFF842D00175636 /* JSON+Helper.swift */,
				93F159351CFF83A800175636 /* String+Helpers.swift */,
			);
			name = Extensions;
			path = "Model Generation/Extensions";
			sourceTree = "<group>";
		};
		93F174361BD0707D007E7DFC = {
			isa = PBXGroup;
			children = (
				93F174401BD0707D007E7DFC /* Products */,
				93F174411BD0707D007E7DFC /* SwiftyJSONAccelerator */,
				93F174531BD0707D007E7DFC /* SwiftyJSONAcceleratorTests */,
			);
			sourceTree = "<group>";
		};
		93F174401BD0707D007E7DFC /* Products */ = {
			isa = PBXGroup;
			children = (
				93F1743F1BD0707D007E7DFC /* SwiftyJSONAccelerator.app */,
				93F174501BD0707D007E7DFC /* SwiftyJSONAccelerator.xctest */,
			);
			name = Products;
			sourceTree = "<group>";
		};
		93F174411BD0707D007E7DFC /* SwiftyJSONAccelerator */ = {
			isa = PBXGroup;
			children = (
				93A1264F1BDB8B14002A3B11 /* UI */,
				9341A14D1BD6E6EF0048CE2C /* Templates */,
				9362D3BC1BD8398A00B927D6 /* External */,
				93F159341CFF837000175636 /* Extensions */,
				93F159311CFF835100175636 /* Models */,
				93A1264E1BDB8B04002A3B11 /* Model Generation */,
				93F174461BD0707D007E7DFC /* Assets.xcassets */,
				93F1744B1BD0707D007E7DFC /* Info.plist */,
				93F174481BD0707D007E7DFC /* Main.storyboard */,
			);
			path = SwiftyJSONAccelerator;
			sourceTree = "<group>";
		};
		93F174531BD0707D007E7DFC /* SwiftyJSONAcceleratorTests */ = {
			isa = PBXGroup;
			children = (
				93F174561BD0707D007E7DFC /* Info.plist */,
				9362F8651BD07DBA0001372E /* JSONHelperTests.swift */,
				93F174541BD0707D007E7DFC /* SwiftyJSONAcceleratorTests.swift */,
				93F1593B1CFF920500175636 /* SJModelGeneratorTests.swift */,
			);
			path = SwiftyJSONAcceleratorTests;
			sourceTree = "<group>";
		};
/* End PBXGroup section */

/* Begin PBXNativeTarget section */
		93F1743E1BD0707D007E7DFC /* SwiftyJSONAccelerator */ = {
			isa = PBXNativeTarget;
			buildConfigurationList = 93F174591BD0707D007E7DFC /* Build configuration list for PBXNativeTarget "SwiftyJSONAccelerator" */;
			buildPhases = (
				93F1743B1BD0707D007E7DFC /* Sources */,
				93F1743C1BD0707D007E7DFC /* Frameworks */,
				93F1743D1BD0707D007E7DFC /* Resources */,
			);
			buildRules = (
			);
			dependencies = (
			);
			name = SwiftyJSONAccelerator;
			productName = SwifyJSONAccelerator;
			productReference = 93F1743F1BD0707D007E7DFC /* SwiftyJSONAccelerator.app */;
			productType = "com.apple.product-type.application";
		};
		93F1744F1BD0707D007E7DFC /* SwiftyJSONAcceleratorTests */ = {
			isa = PBXNativeTarget;
			buildConfigurationList = 93F1745C1BD0707D007E7DFC /* Build configuration list for PBXNativeTarget "SwiftyJSONAcceleratorTests" */;
			buildPhases = (
				93F1744C1BD0707D007E7DFC /* Sources */,
				93F1744D1BD0707D007E7DFC /* Frameworks */,
				93F1744E1BD0707D007E7DFC /* Resources */,
			);
			buildRules = (
			);
			dependencies = (
				93F174521BD0707D007E7DFC /* PBXTargetDependency */,
			);
			name = SwiftyJSONAcceleratorTests;
			productName = SwifyJSONAcceleratorTests;
			productReference = 93F174501BD0707D007E7DFC /* SwiftyJSONAccelerator.xctest */;
			productType = "com.apple.product-type.bundle.unit-test";
		};
/* End PBXNativeTarget section */

/* Begin PBXProject section */
		93F174371BD0707D007E7DFC /* Project object */ = {
			isa = PBXProject;
			attributes = {
				LastUpgradeCheck = 0700;
				ORGANIZATIONNAME = "Karthikeya Udupa K M";
				TargetAttributes = {
					93F1743E1BD0707D007E7DFC = {
						CreatedOnToolsVersion = 7.0.1;
						DevelopmentTeam = UYGU8PDBPS;
					};
					93F1744F1BD0707D007E7DFC = {
						CreatedOnToolsVersion = 7.0.1;
						TestTargetID = 93F1743E1BD0707D007E7DFC;
					};
				};
			};
			buildConfigurationList = 93F1743A1BD0707D007E7DFC /* Build configuration list for PBXProject "SwiftyJSONAccelerator" */;
			compatibilityVersion = "Xcode 3.2";
			developmentRegion = English;
			hasScannedForEncodings = 0;
			knownRegions = (
				en,
				Base,
			);
			mainGroup = 93F174361BD0707D007E7DFC;
			productRefGroup = 93F174401BD0707D007E7DFC /* Products */;
			projectDirPath = "";
			projectRoot = "";
			targets = (
				93F1743E1BD0707D007E7DFC /* SwiftyJSONAccelerator */,
				93F1744F1BD0707D007E7DFC /* SwiftyJSONAcceleratorTests */,
			);
		};
/* End PBXProject section */

/* Begin PBXResourcesBuildPhase section */
		93F1743D1BD0707D007E7DFC /* Resources */ = {
			isa = PBXResourcesBuildPhase;
			buildActionMask = 2147483647;
			files = (
				C667011B1BDCABCE009BA254 /* SwiftyJSONTemplate.txt in Resources */,
				C667011F1BDCBE1F009BA254 /* NSCodingTemplate.txt in Resources */,
				93F174471BD0707D007E7DFC /* Assets.xcassets in Resources */,
				C667011D1BDCAF23009BA254 /* ObjectMapperTemplate.txt in Resources */,
				9341A14F1BD6E7290048CE2C /* BaseTemplate.txt in Resources */,
				93F1744A1BD0707D007E7DFC /* Main.storyboard in Resources */,
			);
			runOnlyForDeploymentPostprocessing = 0;
		};
		93F1744E1BD0707D007E7DFC /* Resources */ = {
			isa = PBXResourcesBuildPhase;
			buildActionMask = 2147483647;
			files = (
			);
			runOnlyForDeploymentPostprocessing = 0;
		};
/* End PBXResourcesBuildPhase section */

/* Begin PBXSourcesBuildPhase section */
		93F1743B1BD0707D007E7DFC /* Sources */ = {
			isa = PBXSourcesBuildPhase;
			buildActionMask = 2147483647;
			files = (
				93F1592C1CFF826900175636 /* ModelGenerationConfiguration.swift in Sources */,
				93CDE7721BD1A00B00B5B234 /* SJTextView.swift in Sources */,
				93F174601BD070AA007E7DFC /* JSONHelper.swift in Sources */,
				9341A14A1BD6E5FE0048CE2C /* SJModelGenerator.swift in Sources */,
				93F1593A1CFF853C00175636 /* NameGenerator.swift in Sources */,
				93F174451BD0707D007E7DFC /* SJEditorViewController.swift in Sources */,
				93F1593E1CFF969900175636 /* SwiftyJSONModelFile.swift in Sources */,
				9361FD141BD18558001ED533 /* LineNumberRulerView.swift in Sources */,
				9341A14C1BD6E6300048CE2C /* SwiftyJSON.swift in Sources */,
				93F159301CFF832100175636 /* ModelFile.swift in Sources */,
				9395707B1D008A860039453D /* ModelFileComponent.swift in Sources */,
				93F159361CFF83A800175636 /* String+Helpers.swift in Sources */,
				93F1592E1CFF830400175636 /* ModelMappingLibraryResult.swift in Sources */,
				93F174431BD0707D007E7DFC /* AppDelegate.swift in Sources */,
				93E91B0D1CFF2DFF00ECA2A6 /* Constants.swift in Sources */,
				93F159381CFF842D00175636 /* JSON+Helper.swift in Sources */,
				93F159401CFF96E700175636 /* ObjectMapperModelFile.swift in Sources */,
			);
			runOnlyForDeploymentPostprocessing = 0;
		};
		93F1744C1BD0707D007E7DFC /* Sources */ = {
			isa = PBXSourcesBuildPhase;
			buildActionMask = 2147483647;
			files = (
				93F174551BD0707D007E7DFC /* SwiftyJSONAcceleratorTests.swift in Sources */,
				9362F8661BD07DBA0001372E /* JSONHelperTests.swift in Sources */,
				93F1593C1CFF920500175636 /* SJModelGeneratorTests.swift in Sources */,
				9341A1521BD6E9EC0048CE2C /* SwiftyJSON.swift in Sources */,
			);
			runOnlyForDeploymentPostprocessing = 0;
		};
/* End PBXSourcesBuildPhase section */

/* Begin PBXTargetDependency section */
		93F174521BD0707D007E7DFC /* PBXTargetDependency */ = {
			isa = PBXTargetDependency;
			target = 93F1743E1BD0707D007E7DFC /* SwiftyJSONAccelerator */;
			targetProxy = 93F174511BD0707D007E7DFC /* PBXContainerItemProxy */;
		};
/* End PBXTargetDependency section */

/* Begin PBXVariantGroup section */
		93F174481BD0707D007E7DFC /* Main.storyboard */ = {
			isa = PBXVariantGroup;
			children = (
				93F174491BD0707D007E7DFC /* Base */,
			);
			name = Main.storyboard;
			path = .;
			sourceTree = "<group>";
		};
/* End PBXVariantGroup section */

/* Begin XCBuildConfiguration section */
		93F174571BD0707D007E7DFC /* Debug */ = {
			isa = XCBuildConfiguration;
			buildSettings = {
				ALWAYS_SEARCH_USER_PATHS = NO;
				CLANG_CXX_LANGUAGE_STANDARD = "gnu++0x";
				CLANG_CXX_LIBRARY = "libc++";
				CLANG_ENABLE_MODULES = YES;
				CLANG_ENABLE_OBJC_ARC = YES;
				CLANG_WARN_BOOL_CONVERSION = YES;
				CLANG_WARN_CONSTANT_CONVERSION = YES;
				CLANG_WARN_DIRECT_OBJC_ISA_USAGE = YES_ERROR;
				CLANG_WARN_EMPTY_BODY = YES;
				CLANG_WARN_ENUM_CONVERSION = YES;
				CLANG_WARN_INT_CONVERSION = YES;
				CLANG_WARN_OBJC_ROOT_CLASS = YES_ERROR;
				CLANG_WARN_UNREACHABLE_CODE = YES;
				CLANG_WARN__DUPLICATE_METHOD_MATCH = YES;
				CODE_SIGN_IDENTITY = "-";
				COPY_PHASE_STRIP = NO;
				DEBUG_INFORMATION_FORMAT = dwarf;
				ENABLE_STRICT_OBJC_MSGSEND = YES;
				ENABLE_TESTABILITY = YES;
				GCC_C_LANGUAGE_STANDARD = gnu99;
				GCC_DYNAMIC_NO_PIC = NO;
				GCC_NO_COMMON_BLOCKS = YES;
				GCC_OPTIMIZATION_LEVEL = 0;
				GCC_PREPROCESSOR_DEFINITIONS = (
					"DEBUG=1",
					"$(inherited)",
				);
				GCC_WARN_64_TO_32_BIT_CONVERSION = YES;
				GCC_WARN_ABOUT_RETURN_TYPE = YES_ERROR;
				GCC_WARN_UNDECLARED_SELECTOR = YES;
				GCC_WARN_UNINITIALIZED_AUTOS = YES_AGGRESSIVE;
				GCC_WARN_UNUSED_FUNCTION = YES;
				GCC_WARN_UNUSED_VARIABLE = YES;
				MACOSX_DEPLOYMENT_TARGET = 10.11;
				MTL_ENABLE_DEBUG_INFO = YES;
				ONLY_ACTIVE_ARCH = YES;
				SDKROOT = macosx;
				SWIFT_OPTIMIZATION_LEVEL = "-Onone";
			};
			name = Debug;
		};
		93F174581BD0707D007E7DFC /* Release */ = {
			isa = XCBuildConfiguration;
			buildSettings = {
				ALWAYS_SEARCH_USER_PATHS = NO;
				CLANG_CXX_LANGUAGE_STANDARD = "gnu++0x";
				CLANG_CXX_LIBRARY = "libc++";
				CLANG_ENABLE_MODULES = YES;
				CLANG_ENABLE_OBJC_ARC = YES;
				CLANG_WARN_BOOL_CONVERSION = YES;
				CLANG_WARN_CONSTANT_CONVERSION = YES;
				CLANG_WARN_DIRECT_OBJC_ISA_USAGE = YES_ERROR;
				CLANG_WARN_EMPTY_BODY = YES;
				CLANG_WARN_ENUM_CONVERSION = YES;
				CLANG_WARN_INT_CONVERSION = YES;
				CLANG_WARN_OBJC_ROOT_CLASS = YES_ERROR;
				CLANG_WARN_UNREACHABLE_CODE = YES;
				CLANG_WARN__DUPLICATE_METHOD_MATCH = YES;
				CODE_SIGN_IDENTITY = "-";
				COPY_PHASE_STRIP = NO;
				DEBUG_INFORMATION_FORMAT = "dwarf-with-dsym";
				ENABLE_NS_ASSERTIONS = NO;
				ENABLE_STRICT_OBJC_MSGSEND = YES;
				GCC_C_LANGUAGE_STANDARD = gnu99;
				GCC_NO_COMMON_BLOCKS = YES;
				GCC_WARN_64_TO_32_BIT_CONVERSION = YES;
				GCC_WARN_ABOUT_RETURN_TYPE = YES_ERROR;
				GCC_WARN_UNDECLARED_SELECTOR = YES;
				GCC_WARN_UNINITIALIZED_AUTOS = YES_AGGRESSIVE;
				GCC_WARN_UNUSED_FUNCTION = YES;
				GCC_WARN_UNUSED_VARIABLE = YES;
				MACOSX_DEPLOYMENT_TARGET = 10.11;
				MTL_ENABLE_DEBUG_INFO = NO;
				SDKROOT = macosx;
			};
			name = Release;
		};
		93F1745A1BD0707D007E7DFC /* Debug */ = {
			isa = XCBuildConfiguration;
			buildSettings = {
				ASSETCATALOG_COMPILER_APPICON_NAME = AppIcon;
				COMBINE_HIDPI_IMAGES = YES;
				INFOPLIST_FILE = SwiftyJSONAccelerator/Info.plist;
				LD_RUNPATH_SEARCH_PATHS = "$(inherited) @executable_path/../Frameworks";
				MACOSX_DEPLOYMENT_TARGET = 10.9;
				PRODUCT_BUNDLE_IDENTIFIER = com.karthik.SwiftyJSONAccelerator;
				PRODUCT_NAME = SwiftyJSONAccelerator;
			};
			name = Debug;
		};
		93F1745B1BD0707D007E7DFC /* Release */ = {
			isa = XCBuildConfiguration;
			buildSettings = {
				ASSETCATALOG_COMPILER_APPICON_NAME = AppIcon;
				COMBINE_HIDPI_IMAGES = YES;
				INFOPLIST_FILE = SwiftyJSONAccelerator/Info.plist;
				LD_RUNPATH_SEARCH_PATHS = "$(inherited) @executable_path/../Frameworks";
				MACOSX_DEPLOYMENT_TARGET = 10.9;
				PRODUCT_BUNDLE_IDENTIFIER = com.karthik.SwiftyJSONAccelerator;
				PRODUCT_NAME = SwiftyJSONAccelerator;
			};
			name = Release;
		};
		93F1745D1BD0707D007E7DFC /* Debug */ = {
			isa = XCBuildConfiguration;
			buildSettings = {
				BUNDLE_LOADER = "$(TEST_HOST)";
				COMBINE_HIDPI_IMAGES = YES;
				INFOPLIST_FILE = SwiftyJSONAcceleratorTests/Info.plist;
				LD_RUNPATH_SEARCH_PATHS = "$(inherited) @executable_path/../Frameworks @loader_path/../Frameworks";
				PRODUCT_BUNDLE_IDENTIFIER = com.karthik.SwiftyJSONAcceleratorTests;
				PRODUCT_NAME = SwiftyJSONAccelerator;
				TEST_HOST = "$(BUILT_PRODUCTS_DIR)/SwiftyJSONAccelerator.app/Contents/MacOS/SwiftyJSONAccelerator";
			};
			name = Debug;
		};
		93F1745E1BD0707D007E7DFC /* Release */ = {
			isa = XCBuildConfiguration;
			buildSettings = {
				BUNDLE_LOADER = "$(TEST_HOST)";
				COMBINE_HIDPI_IMAGES = YES;
				INFOPLIST_FILE = SwiftyJSONAcceleratorTests/Info.plist;
				LD_RUNPATH_SEARCH_PATHS = "$(inherited) @executable_path/../Frameworks @loader_path/../Frameworks";
				PRODUCT_BUNDLE_IDENTIFIER = com.karthik.SwiftyJSONAcceleratorTests;
				PRODUCT_NAME = SwiftyJSONAccelerator;
				TEST_HOST = "$(BUILT_PRODUCTS_DIR)/SwiftyJSONAccelerator.app/Contents/MacOS/SwiftyJSONAccelerator";
			};
			name = Release;
		};
/* End XCBuildConfiguration section */

/* Begin XCConfigurationList section */
		93F1743A1BD0707D007E7DFC /* Build configuration list for PBXProject "SwiftyJSONAccelerator" */ = {
			isa = XCConfigurationList;
			buildConfigurations = (
				93F174571BD0707D007E7DFC /* Debug */,
				93F174581BD0707D007E7DFC /* Release */,
			);
			defaultConfigurationIsVisible = 0;
			defaultConfigurationName = Release;
		};
		93F174591BD0707D007E7DFC /* Build configuration list for PBXNativeTarget "SwiftyJSONAccelerator" */ = {
			isa = XCConfigurationList;
			buildConfigurations = (
				93F1745A1BD0707D007E7DFC /* Debug */,
				93F1745B1BD0707D007E7DFC /* Release */,
			);
			defaultConfigurationIsVisible = 0;
			defaultConfigurationName = Release;
		};
		93F1745C1BD0707D007E7DFC /* Build configuration list for PBXNativeTarget "SwiftyJSONAcceleratorTests" */ = {
			isa = XCConfigurationList;
			buildConfigurations = (
				93F1745D1BD0707D007E7DFC /* Debug */,
				93F1745E1BD0707D007E7DFC /* Release */,
			);
			defaultConfigurationIsVisible = 0;
			defaultConfigurationName = Release;
		};
/* End XCConfigurationList section */
	};
	rootObject = 93F174371BD0707D007E7DFC /* Project object */;
}
