<?xml version="1.0" encoding="UTF-8"?>
<!DOCTYPE plist PUBLIC "-//Apple//DTD PLIST 1.0//EN" "http://www.apple.com/DTDs/PropertyList-1.0.dtd">
<plist version="1.0">
<dict>
	<key>archiveVersion</key>
	<string>1</string>
	<key>classes</key>
	<dict/>
	<key>objectVersion</key>
	<string>46</string>
	<key>objects</key>
	<dict>
		<key>0D6E431207DB3FD1A9136E82</key>
		<dict>
			<key>includeInIndex</key>
			<string>1</string>
			<key>isa</key>
			<string>PBXFileReference</string>
			<key>lastKnownFileType</key>
			<string>text.xcconfig</string>
			<key>name</key>
			<string>Pods-SwiftyJSONAcceleratorTests.debug.xcconfig</string>
			<key>path</key>
			<string>Pods/Target Support Files/Pods-SwiftyJSONAcceleratorTests/Pods-SwiftyJSONAcceleratorTests.debug.xcconfig</string>
			<key>sourceTree</key>
			<string>&lt;group&gt;</string>
		</dict>
		<key>3B0568DBEF9225AB503EB001</key>
		<dict>
			<key>buildActionMask</key>
			<string>2147483647</string>
			<key>files</key>
			<array/>
			<key>isa</key>
			<string>PBXFrameworksBuildPhase</string>
			<key>runOnlyForDeploymentPostprocessing</key>
			<string>0</string>
		</dict>
		<key>3B7A34C57D35A32376194410</key>
		<dict>
			<key>fileRef</key>
			<string>CCAFEA0CDE39B9651C96E268</string>
			<key>isa</key>
			<string>PBXBuildFile</string>
		</dict>
		<key>4E211CB4CE9D3FB7AB89139A</key>
		<dict>
			<key>buildActionMask</key>
			<string>2147483647</string>
			<key>files</key>
			<array/>
			<key>inputPaths</key>
			<array/>
			<key>isa</key>
			<string>PBXShellScriptBuildPhase</string>
			<key>name</key>
			<string>[CP] Embed Pods Frameworks</string>
			<key>outputPaths</key>
			<array/>
			<key>runOnlyForDeploymentPostprocessing</key>
			<string>0</string>
			<key>shellPath</key>
			<string>/bin/sh</string>
			<key>shellScript</key>
			<string>"${SRCROOT}/Pods/Target Support Files/Pods-SwiftyJSONAcceleratorTests/Pods-SwiftyJSONAcceleratorTests-frameworks.sh"
</string>
			<key>showEnvVarsInLog</key>
			<string>0</string>
		</dict>
		<key>890FBA8BA500C8EA384B1ABA</key>
		<dict>
			<key>buildActionMask</key>
			<string>2147483647</string>
			<key>files</key>
			<array/>
			<key>inputPaths</key>
			<array/>
			<key>isa</key>
			<string>PBXShellScriptBuildPhase</string>
			<key>name</key>
			<string>[CP] Copy Pods Resources</string>
			<key>outputPaths</key>
			<array/>
			<key>runOnlyForDeploymentPostprocessing</key>
			<string>0</string>
			<key>shellPath</key>
			<string>/bin/sh</string>
			<key>shellScript</key>
			<string>"${SRCROOT}/Pods/Target Support Files/Pods-SwiftyJSONAcceleratorTests/Pods-SwiftyJSONAcceleratorTests-resources.sh"
</string>
			<key>showEnvVarsInLog</key>
			<string>0</string>
		</dict>
		<key>930462AC1D3106A400FE61A6</key>
		<dict>
			<key>fileEncoding</key>
			<string>4</string>
			<key>isa</key>
			<string>PBXFileReference</string>
			<key>lastKnownFileType</key>
			<string>sourcecode.swift</string>
			<key>path</key>
			<string>FileGenerator.swift</string>
			<key>sourceTree</key>
			<string>&lt;group&gt;</string>
		</dict>
		<key>930462AD1D3106A400FE61A6</key>
		<dict>
			<key>fileRef</key>
			<string>930462AC1D3106A400FE61A6</string>
			<key>isa</key>
			<string>PBXBuildFile</string>
		</dict>
		<key>930462AE1D310CDD00FE61A6</key>
		<dict>
			<key>children</key>
			<array>
				<string>934E619D1E10584100B7601B</string>
				<string>93F174561BD0707D007E7DFC</string>
				<string>93D850F61D00D7C80023D573</string>
			</array>
			<key>isa</key>
			<string>PBXGroup</string>
			<key>path</key>
			<string>Support Files</string>
			<key>sourceTree</key>
			<string>&lt;group&gt;</string>
		</dict>
		<key>930462AF1D310F6900FE61A6</key>
		<dict>
			<key>fileEncoding</key>
			<string>4</string>
			<key>isa</key>
			<string>PBXFileReference</string>
			<key>lastKnownFileType</key>
			<string>sourcecode.swift</string>
			<key>path</key>
			<string>ModelComponent.swift</string>
			<key>sourceTree</key>
			<string>&lt;group&gt;</string>
		</dict>
		<key>930462B01D310F6900FE61A6</key>
		<dict>
			<key>fileRef</key>
			<string>930462AF1D310F6900FE61A6</string>
			<key>isa</key>
			<string>PBXBuildFile</string>
		</dict>
		<key>930462B11D310FF200FE61A6</key>
		<dict>
			<key>fileEncoding</key>
			<string>4</string>
			<key>isa</key>
			<string>PBXFileReference</string>
			<key>lastKnownFileType</key>
			<string>sourcecode.swift</string>
			<key>path</key>
			<string>PropertyComponent.swift</string>
			<key>sourceTree</key>
			<string>&lt;group&gt;</string>
		</dict>
		<key>930462B21D310FF200FE61A6</key>
		<dict>
			<key>fileRef</key>
			<string>930462B11D310FF200FE61A6</string>
			<key>isa</key>
			<string>PBXBuildFile</string>
		</dict>
		<key>930462B31D31121200FE61A6</key>
		<dict>
			<key>children</key>
			<array>
				<string>93F174461BD0707D007E7DFC</string>
				<string>93F1744B1BD0707D007E7DFC</string>
			</array>
			<key>isa</key>
			<string>PBXGroup</string>
			<key>path</key>
			<string>Support</string>
			<key>sourceTree</key>
			<string>&lt;group&gt;</string>
		</dict>
		<key>930462B41D31121D00FE61A6</key>
		<dict>
			<key>children</key>
			<array>
				<string>93F174481BD0707D007E7DFC</string>
			</array>
			<key>isa</key>
			<string>PBXGroup</string>
			<key>path</key>
			<string>Storyboard</string>
			<key>sourceTree</key>
			<string>&lt;group&gt;</string>
		</dict>
		<key>930462B51D31131800FE61A6</key>
		<dict>
			<key>fileRef</key>
			<string>930462B11D310FF200FE61A6</string>
			<key>isa</key>
			<string>PBXBuildFile</string>
		</dict>
		<key>930462B61D31133B00FE61A6</key>
		<dict>
			<key>fileRef</key>
			<string>930462AC1D3106A400FE61A6</string>
			<key>isa</key>
			<string>PBXBuildFile</string>
		</dict>
		<key>930462B71D31134900FE61A6</key>
		<dict>
			<key>fileRef</key>
			<string>930462AF1D310F6900FE61A6</string>
			<key>isa</key>
			<string>PBXBuildFile</string>
		</dict>
		<key>930462B81D3115A800FE61A6</key>
		<dict>
			<key>children</key>
			<array>
				<string>93F174421BD0707D007E7DFC</string>
			</array>
			<key>isa</key>
			<string>PBXGroup</string>
			<key>path</key>
			<string>Application-Delegate</string>
			<key>sourceTree</key>
			<string>&lt;group&gt;</string>
		</dict>
		<key>930462B91D311F9100FE61A6</key>
		<dict>
			<key>buildActionMask</key>
			<string>2147483647</string>
			<key>files</key>
			<array/>
			<key>inputPaths</key>
			<array/>
			<key>isa</key>
			<string>PBXShellScriptBuildPhase</string>
			<key>name</key>
			<string>SwiftLint</string>
			<key>outputPaths</key>
			<array/>
			<key>runOnlyForDeploymentPostprocessing</key>
			<string>0</string>
			<key>shellPath</key>
			<string>/bin/sh</string>
			<key>shellScript</key>
			<string>if which swiftlint &gt;/dev/null; then
    swiftlint
else
    echo "warning: SwiftLint not installed, download from https://github.com/realm/SwiftLint"
fi</string>
		</dict>
		<key>9327F2871DF4BCA70002BE40</key>
		<dict>
			<key>fileEncoding</key>
			<string>4</string>
			<key>isa</key>
			<string>PBXFileReference</string>
			<key>lastKnownFileType</key>
			<string>sourcecode.swift</string>
			<key>path</key>
			<string>MarshalModelFile.swift</string>
			<key>sourceTree</key>
			<string>&lt;group&gt;</string>
		</dict>
		<key>9327F2881DF4BCA70002BE40</key>
		<dict>
			<key>fileRef</key>
			<string>9327F2871DF4BCA70002BE40</string>
			<key>isa</key>
			<string>PBXBuildFile</string>
		</dict>
		<key>9327F2891DF4BD540002BE40</key>
		<dict>
			<key>fileEncoding</key>
			<string>4</string>
			<key>isa</key>
			<string>PBXFileReference</string>
			<key>lastKnownFileType</key>
			<string>text</string>
			<key>path</key>
			<string>MarshalTemplate.txt</string>
			<key>sourceTree</key>
			<string>&lt;group&gt;</string>
		</dict>
		<key>9327F28A1DF4BD540002BE40</key>
		<dict>
			<key>fileRef</key>
			<string>9327F2891DF4BD540002BE40</string>
			<key>isa</key>
			<string>PBXBuildFile</string>
		</dict>
		<key>9327F2971DF4CF650002BE40</key>
		<dict>
			<key>fileRef</key>
			<string>9327F2871DF4BCA70002BE40</string>
			<key>isa</key>
			<string>PBXBuildFile</string>
		</dict>
		<key>933CF38F1E11699600F9C412</key>
		<dict>
			<key>buildActionMask</key>
			<string>2147483647</string>
			<key>files</key>
			<array>
				<string>934F09DC1E12D38900D983FF</string>
				<string>9372451D1E12E455005387E8</string>
				<string>937245181E12E455005387E8</string>
				<string>937245241E12E467005387E8</string>
				<string>934F09E81E12D39700D983FF</string>
				<string>937245211E12E455005387E8</string>
				<string>937245141E12E455005387E8</string>
				<string>934F09E91E12D39700D983FF</string>
				<string>934F09E21E12D39200D983FF</string>
				<string>934F09DE1E12D38900D983FF</string>
				<string>937245221E12E455005387E8</string>
				<string>937245201E12E455005387E8</string>
				<string>934F09E51E12D39700D983FF</string>
				<string>937245191E12E455005387E8</string>
				<string>934F09DF1E12D38E00D983FF</string>
				<string>934F09F71E12DC4B00D983FF</string>
				<string>934F09DD1E12D38900D983FF</string>
				<string>937245131E12E455005387E8</string>
				<string>934F09E71E12D39700D983FF</string>
				<string>934F09E61E12D39700D983FF</string>
				<string>934F09E41E12D39200D983FF</string>
				<string>9372451C1E12E455005387E8</string>
				<string>937245161E12E455005387E8</string>
				<string>934F09E31E12D39200D983FF</string>
				<string>9372451F1E12E455005387E8</string>
				<string>937245171E12E455005387E8</string>
				<string>933CF3961E11699700F9C412</string>
				<string>9372451A1E12E455005387E8</string>
				<string>934F09E01E12D38E00D983FF</string>
				<string>937245111E12E455005387E8</string>
				<string>9372451E1E12E455005387E8</string>
				<string>934F09F41E12DC1000D983FF</string>
				<string>9372451B1E12E455005387E8</string>
				<string>937245121E12E455005387E8</string>
				<string>934F09E11E12D38E00D983FF</string>
				<string>937245151E12E455005387E8</string>
				<string>934F09EA1E12D3B300D983FF</string>
			</array>
			<key>isa</key>
			<string>PBXSourcesBuildPhase</string>
			<key>runOnlyForDeploymentPostprocessing</key>
			<string>0</string>
		</dict>
		<key>933CF3921E11699600F9C412</key>
		<dict>
			<key>buildConfigurationList</key>
			<string>933CF3971E11699700F9C412</string>
			<key>buildPhases</key>
			<array>
				<string>933CF38F1E11699600F9C412</string>
				<string>3B0568DBEF9225AB503EB001</string>
			</array>
			<key>buildRules</key>
			<array/>
			<key>dependencies</key>
			<array/>
			<key>isa</key>
			<string>PBXNativeTarget</string>
			<key>name</key>
			<string>SJAccelerator</string>
			<key>productName</key>
			<string>SJAccelerator</string>
			<key>productReference</key>
			<string>933CF3931E11699600F9C412</string>
			<key>productType</key>
			<string>com.apple.product-type.tool</string>
		</dict>
		<key>933CF3931E11699600F9C412</key>
		<dict>
			<key>explicitFileType</key>
			<string>compiled.mach-o.executable</string>
			<key>includeInIndex</key>
			<string>0</string>
			<key>isa</key>
			<string>PBXFileReference</string>
			<key>path</key>
			<string>SJAccelerator</string>
			<key>sourceTree</key>
			<string>BUILT_PRODUCTS_DIR</string>
		</dict>
		<key>933CF3941E11699700F9C412</key>
		<dict>
			<key>children</key>
			<array>
				<string>9372452B1E12E789005387E8</string>
				<string>934F09F31E12DC1000D983FF</string>
				<string>933CF3951E11699700F9C412</string>
			</array>
			<key>isa</key>
			<string>PBXGroup</string>
			<key>path</key>
			<string>SJAccelerator</string>
			<key>sourceTree</key>
			<string>&lt;group&gt;</string>
		</dict>
		<key>933CF3951E11699700F9C412</key>
		<dict>
			<key>isa</key>
			<string>PBXFileReference</string>
			<key>lastKnownFileType</key>
			<string>sourcecode.swift</string>
			<key>path</key>
			<string>main.swift</string>
			<key>sourceTree</key>
			<string>&lt;group&gt;</string>
		</dict>
		<key>933CF3961E11699700F9C412</key>
		<dict>
			<key>fileRef</key>
			<string>933CF3951E11699700F9C412</string>
			<key>isa</key>
			<string>PBXBuildFile</string>
		</dict>
		<key>933CF3971E11699700F9C412</key>
		<dict>
			<key>buildConfigurations</key>
			<array>
				<string>933CF3981E11699700F9C412</string>
				<string>933CF3991E11699700F9C412</string>
			</array>
			<key>defaultConfigurationIsVisible</key>
			<string>0</string>
			<key>defaultConfigurationName</key>
			<string>Release</string>
			<key>isa</key>
			<string>XCConfigurationList</string>
		</dict>
		<key>933CF3981E11699700F9C412</key>
		<dict>
			<key>buildSettings</key>
			<dict>
				<key>CLANG_ANALYZER_NONNULL</key>
				<string>YES</string>
				<key>CLANG_WARN_DOCUMENTATION_COMMENTS</key>
				<string>YES</string>
				<key>CODE_SIGN_IDENTITY</key>
				<string>Mac Developer</string>
				<key>DEVELOPMENT_TEAM</key>
				<string>UYGU8PDBPS</string>
				<key>INSTALL_PATH</key>
				<string>@executable_path/../Frameworks</string>
				<key>LD_RUNPATH_SEARCH_PATHS</key>
				<string>$(inherited) '@executable_path/../Frameworks' '@loader_path/Frameworks' @executable_path/Frameworks</string>
				<key>MACOSX_DEPLOYMENT_TARGET</key>
				<string>10.12</string>
				<key>PRODUCT_NAME</key>
				<string>$(TARGET_NAME)</string>
				<key>SWIFT_VERSION</key>
				<string>3.0</string>
			</dict>
			<key>isa</key>
			<string>XCBuildConfiguration</string>
			<key>name</key>
			<string>Debug</string>
		</dict>
		<key>933CF3991E11699700F9C412</key>
		<dict>
			<key>buildSettings</key>
			<dict>
				<key>CLANG_ANALYZER_NONNULL</key>
				<string>YES</string>
				<key>CLANG_WARN_DOCUMENTATION_COMMENTS</key>
				<string>YES</string>
				<key>CODE_SIGN_IDENTITY</key>
				<string>Mac Developer</string>
				<key>DEVELOPMENT_TEAM</key>
				<string>UYGU8PDBPS</string>
				<key>INSTALL_PATH</key>
				<string>@executable_path/../Frameworks</string>
				<key>LD_RUNPATH_SEARCH_PATHS</key>
				<string>$(inherited) '@executable_path/../Frameworks' '@loader_path/Frameworks' @executable_path/Frameworks</string>
				<key>MACOSX_DEPLOYMENT_TARGET</key>
				<string>10.12</string>
				<key>PRODUCT_NAME</key>
				<string>$(TARGET_NAME)</string>
				<key>SWIFT_VERSION</key>
				<string>3.0</string>
			</dict>
			<key>isa</key>
			<string>XCBuildConfiguration</string>
			<key>name</key>
			<string>Release</string>
		</dict>
		<key>9341A1491BD6E5FE0048CE2C</key>
		<dict>
			<key>fileEncoding</key>
			<string>4</string>
			<key>isa</key>
			<string>PBXFileReference</string>
			<key>lastKnownFileType</key>
			<string>sourcecode.swift</string>
			<key>path</key>
			<string>ModelGenerator.swift</string>
			<key>sourceTree</key>
			<string>&lt;group&gt;</string>
		</dict>
		<key>9341A14A1BD6E5FE0048CE2C</key>
		<dict>
			<key>fileRef</key>
			<string>9341A1491BD6E5FE0048CE2C</string>
			<key>isa</key>
			<string>PBXBuildFile</string>
		</dict>
		<key>9341A14D1BD6E6EF0048CE2C</key>
		<dict>
			<key>children</key>
			<array>
				<string>93F5F2141D344CCC00FEB9C9</string>
				<string>9341A14E1BD6E7290048CE2C</string>
				<string>C667011E1BDCBE1F009BA254</string>
			</array>
			<key>isa</key>
			<string>PBXGroup</string>
			<key>name</key>
			<string>Templates</string>
			<key>path</key>
			<string>Templates</string>
			<key>sourceTree</key>
			<string>&lt;group&gt;</string>
		</dict>
		<key>9341A14E1BD6E7290048CE2C</key>
		<dict>
			<key>fileEncoding</key>
			<string>4</string>
			<key>isa</key>
			<string>PBXFileReference</string>
			<key>lastKnownFileType</key>
			<string>text</string>
			<key>path</key>
			<string>BaseTemplate.txt</string>
			<key>sourceTree</key>
			<string>&lt;group&gt;</string>
		</dict>
		<key>9341A14F1BD6E7290048CE2C</key>
		<dict>
			<key>fileRef</key>
			<string>9341A14E1BD6E7290048CE2C</string>
			<key>isa</key>
			<string>PBXBuildFile</string>
		</dict>
		<key>934E61981E0EA20000B7601B</key>
		<dict>
			<key>fileEncoding</key>
			<string>4</string>
			<key>isa</key>
			<string>PBXFileReference</string>
			<key>lastKnownFileType</key>
			<string>sourcecode.swift</string>
			<key>path</key>
			<string>MultipleModelGenerator.swift</string>
			<key>sourceTree</key>
			<string>&lt;group&gt;</string>
		</dict>
		<key>934E61991E0EA20000B7601B</key>
		<dict>
			<key>fileRef</key>
			<string>934E61981E0EA20000B7601B</string>
			<key>isa</key>
			<string>PBXBuildFile</string>
		</dict>
		<key>934E619A1E0EF92000B7601B</key>
		<dict>
			<key>fileEncoding</key>
			<string>4</string>
			<key>isa</key>
			<string>PBXFileReference</string>
			<key>lastKnownFileType</key>
			<string>sourcecode.swift</string>
			<key>path</key>
			<string>MultipleModelGeneratorTests.swift</string>
			<key>sourceTree</key>
			<string>&lt;group&gt;</string>
		</dict>
		<key>934E619B1E0EF92000B7601B</key>
		<dict>
			<key>fileRef</key>
			<string>934E619A1E0EF92000B7601B</string>
			<key>isa</key>
			<string>PBXBuildFile</string>
		</dict>
		<key>934E619C1E0EF9A200B7601B</key>
		<dict>
			<key>fileRef</key>
			<string>934E61981E0EA20000B7601B</string>
			<key>isa</key>
			<string>PBXBuildFile</string>
		</dict>
		<key>934E619D1E10584100B7601B</key>
		<dict>
			<key>children</key>
			<array>
				<string>934E619E1E10587F00B7601B</string>
				<string>934E619F1E10587F00B7601B</string>
				<string>934E61A11E10587F00B7601B</string>
				<string>934E61A01E10587F00B7601B</string>
				<string>934E61A21E10587F00B7601B</string>
			</array>
			<key>isa</key>
			<string>PBXGroup</string>
			<key>path</key>
			<string>MultipleModelTests</string>
			<key>sourceTree</key>
			<string>&lt;group&gt;</string>
		</dict>
		<key>934E619E1E10587F00B7601B</key>
		<dict>
			<key>fileEncoding</key>
			<string>4</string>
			<key>isa</key>
			<string>PBXFileReference</string>
			<key>lastKnownFileType</key>
			<string>text.json</string>
			<key>path</key>
			<string>album.json</string>
			<key>sourceTree</key>
			<string>&lt;group&gt;</string>
		</dict>
		<key>934E619F1E10587F00B7601B</key>
		<dict>
			<key>fileEncoding</key>
			<string>4</string>
			<key>isa</key>
			<string>PBXFileReference</string>
			<key>lastKnownFileType</key>
			<string>text.json</string>
			<key>path</key>
			<string>community.json</string>
			<key>sourceTree</key>
			<string>&lt;group&gt;</string>
		</dict>
		<key>934E61A01E10587F00B7601B</key>
		<dict>
			<key>fileEncoding</key>
			<string>4</string>
			<key>isa</key>
			<string>PBXFileReference</string>
			<key>lastKnownFileType</key>
			<string>text.json</string>
			<key>path</key>
			<string>test_config.json</string>
			<key>sourceTree</key>
			<string>&lt;group&gt;</string>
		</dict>
		<key>934E61A11E10587F00B7601B</key>
		<dict>
			<key>fileEncoding</key>
			<string>4</string>
			<key>isa</key>
			<string>PBXFileReference</string>
			<key>lastKnownFileType</key>
			<string>text.json</string>
			<key>path</key>
			<string>photo.json</string>
			<key>sourceTree</key>
			<string>&lt;group&gt;</string>
		</dict>
		<key>934E61A21E10587F00B7601B</key>
		<dict>
			<key>fileEncoding</key>
			<string>4</string>
			<key>isa</key>
			<string>PBXFileReference</string>
			<key>lastKnownFileType</key>
			<string>text.json</string>
			<key>path</key>
			<string>user.json</string>
			<key>sourceTree</key>
			<string>&lt;group&gt;</string>
		</dict>
		<key>934E61A31E10587F00B7601B</key>
		<dict>
			<key>fileRef</key>
			<string>934E619E1E10587F00B7601B</string>
			<key>isa</key>
			<string>PBXBuildFile</string>
		</dict>
		<key>934E61A41E10587F00B7601B</key>
		<dict>
			<key>fileRef</key>
			<string>934E619F1E10587F00B7601B</string>
			<key>isa</key>
			<string>PBXBuildFile</string>
		</dict>
		<key>934E61A51E10587F00B7601B</key>
		<dict>
			<key>fileRef</key>
			<string>934E61A01E10587F00B7601B</string>
			<key>isa</key>
			<string>PBXBuildFile</string>
		</dict>
		<key>934E61A61E10587F00B7601B</key>
		<dict>
			<key>fileRef</key>
			<string>934E61A11E10587F00B7601B</string>
			<key>isa</key>
			<string>PBXBuildFile</string>
		</dict>
		<key>934E61A71E10587F00B7601B</key>
		<dict>
			<key>fileRef</key>
			<string>934E61A21E10587F00B7601B</string>
			<key>isa</key>
			<string>PBXBuildFile</string>
		</dict>
		<key>934F09D91E12CE6E00D983FF</key>
		<dict>
			<key>children</key>
			<array>
				<string>937244FF1E12E455005387E8</string>
				<string>937245001E12E455005387E8</string>
				<string>937245011E12E455005387E8</string>
				<string>937245021E12E455005387E8</string>
				<string>937245031E12E455005387E8</string>
				<string>937245041E12E455005387E8</string>
				<string>937245051E12E455005387E8</string>
				<string>937245061E12E455005387E8</string>
				<string>937245071E12E455005387E8</string>
				<string>937245081E12E455005387E8</string>
				<string>937245091E12E455005387E8</string>
				<string>9372450A1E12E455005387E8</string>
				<string>9372450B1E12E455005387E8</string>
				<string>9372450C1E12E455005387E8</string>
				<string>9372450D1E12E455005387E8</string>
				<string>9372450E1E12E455005387E8</string>
				<string>9372450F1E12E455005387E8</string>
				<string>937245101E12E455005387E8</string>
			</array>
			<key>isa</key>
			<string>PBXGroup</string>
			<key>name</key>
			<string>SwiftCLI</string>
			<key>path</key>
			<string>../Core/External-Libraries/SwiftCLI</string>
			<key>sourceTree</key>
			<string>&lt;group&gt;</string>
		</dict>
		<key>934F09DA1E12D36700D983FF</key>
		<dict>
			<key>children</key>
			<array>
				<string>9362D3BC1BD8398A00B927D6</string>
				<string>93A1264E1BDB8B04002A3B11</string>
				<string>93F159341CFF837000175636</string>
				<string>93CC54171D01012D00B82ED5</string>
				<string>93F159311CFF835100175636</string>
				<string>93E91B0C1CFF2DFF00ECA2A6</string>
			</array>
			<key>isa</key>
			<string>PBXGroup</string>
			<key>path</key>
			<string>Core</string>
			<key>sourceTree</key>
			<string>&lt;group&gt;</string>
		</dict>
		<key>934F09DC1E12D38900D983FF</key>
		<dict>
			<key>fileRef</key>
			<string>9341A1491BD6E5FE0048CE2C</string>
			<key>isa</key>
			<string>PBXBuildFile</string>
		</dict>
		<key>934F09DD1E12D38900D983FF</key>
		<dict>
			<key>fileRef</key>
			<string>934E61981E0EA20000B7601B</string>
			<key>isa</key>
			<string>PBXBuildFile</string>
		</dict>
		<key>934F09DE1E12D38900D983FF</key>
		<dict>
			<key>fileRef</key>
			<string>93F159391CFF853C00175636</string>
			<key>isa</key>
			<string>PBXBuildFile</string>
		</dict>
		<key>934F09DF1E12D38E00D983FF</key>
		<dict>
			<key>fileRef</key>
			<string>93F159371CFF842D00175636</string>
			<key>isa</key>
			<string>PBXBuildFile</string>
		</dict>
		<key>934F09E01E12D38E00D983FF</key>
		<dict>
			<key>fileRef</key>
			<string>93F1745F1BD070AA007E7DFC</string>
			<key>isa</key>
			<string>PBXBuildFile</string>
		</dict>
		<key>934F09E11E12D38E00D983FF</key>
		<dict>
			<key>fileRef</key>
			<string>93F159351CFF83A800175636</string>
			<key>isa</key>
			<string>PBXBuildFile</string>
		</dict>
		<key>934F09E21E12D39200D983FF</key>
		<dict>
			<key>fileRef</key>
			<string>9327F2871DF4BCA70002BE40</string>
			<key>isa</key>
			<string>PBXBuildFile</string>
		</dict>
		<key>934F09E31E12D39200D983FF</key>
		<dict>
			<key>fileRef</key>
			<string>93F1593F1CFF96E700175636</string>
			<key>isa</key>
			<string>PBXBuildFile</string>
		</dict>
		<key>934F09E41E12D39200D983FF</key>
		<dict>
			<key>fileRef</key>
			<string>93F1593D1CFF969900175636</string>
			<key>isa</key>
			<string>PBXBuildFile</string>
		</dict>
		<key>934F09E51E12D39700D983FF</key>
		<dict>
			<key>fileRef</key>
			<string>9395707A1D008A860039453D</string>
			<key>isa</key>
			<string>PBXBuildFile</string>
		</dict>
		<key>934F09E61E12D39700D983FF</key>
		<dict>
			<key>fileRef</key>
			<string>930462AF1D310F6900FE61A6</string>
			<key>isa</key>
			<string>PBXBuildFile</string>
		</dict>
		<key>934F09E71E12D39700D983FF</key>
		<dict>
			<key>fileRef</key>
			<string>93F1592F1CFF832100175636</string>
			<key>isa</key>
			<string>PBXBuildFile</string>
		</dict>
		<key>934F09E81E12D39700D983FF</key>
		<dict>
			<key>fileRef</key>
			<string>93F1592B1CFF826900175636</string>
			<key>isa</key>
			<string>PBXBuildFile</string>
		</dict>
		<key>934F09E91E12D39700D983FF</key>
		<dict>
			<key>fileRef</key>
			<string>930462B11D310FF200FE61A6</string>
			<key>isa</key>
			<string>PBXBuildFile</string>
		</dict>
		<key>934F09EA1E12D3B300D983FF</key>
		<dict>
			<key>fileRef</key>
			<string>93E91B0C1CFF2DFF00ECA2A6</string>
			<key>isa</key>
			<string>PBXBuildFile</string>
		</dict>
		<key>934F09F31E12DC1000D983FF</key>
		<dict>
			<key>fileEncoding</key>
			<string>4</string>
			<key>isa</key>
			<string>PBXFileReference</string>
			<key>lastKnownFileType</key>
			<string>sourcecode.swift</string>
			<key>path</key>
			<string>FileGenerator.swift</string>
			<key>sourceTree</key>
			<string>&lt;group&gt;</string>
		</dict>
		<key>934F09F41E12DC1000D983FF</key>
		<dict>
			<key>fileRef</key>
			<string>934F09F31E12DC1000D983FF</string>
			<key>isa</key>
			<string>PBXBuildFile</string>
		</dict>
		<key>934F09F51E12DC4B00D983FF</key>
		<dict>
			<key>fileEncoding</key>
			<string>4</string>
			<key>isa</key>
			<string>PBXFileReference</string>
			<key>lastKnownFileType</key>
			<string>sourcecode.swift</string>
			<key>path</key>
			<string>FileGeneratorExtension.swift</string>
			<key>sourceTree</key>
			<string>&lt;group&gt;</string>
		</dict>
		<key>934F09F61E12DC4B00D983FF</key>
		<dict>
			<key>fileRef</key>
			<string>934F09F51E12DC4B00D983FF</string>
			<key>isa</key>
			<string>PBXBuildFile</string>
		</dict>
		<key>934F09F71E12DC4B00D983FF</key>
		<dict>
			<key>fileRef</key>
			<string>934F09F51E12DC4B00D983FF</string>
			<key>isa</key>
			<string>PBXBuildFile</string>
		</dict>
		<key>9362D3BC1BD8398A00B927D6</key>
		<dict>
			<key>children</key>
			<array>
				<string>937245231E12E467005387E8</string>
			</array>
			<key>isa</key>
			<string>PBXGroup</string>
			<key>path</key>
			<string>External-Libraries</string>
			<key>sourceTree</key>
			<string>&lt;group&gt;</string>
		</dict>
		<key>9362F8651BD07DBA0001372E</key>
		<dict>
			<key>fileEncoding</key>
			<string>4</string>
			<key>isa</key>
			<string>PBXFileReference</string>
			<key>lastKnownFileType</key>
			<string>sourcecode.swift</string>
			<key>path</key>
			<string>JSONHelperTests.swift</string>
			<key>sourceTree</key>
			<string>&lt;group&gt;</string>
		</dict>
		<key>9362F8661BD07DBA0001372E</key>
		<dict>
			<key>fileRef</key>
			<string>9362F8651BD07DBA0001372E</string>
			<key>isa</key>
			<string>PBXBuildFile</string>
		</dict>
		<key>937244FF1E12E455005387E8</key>
		<dict>
			<key>fileEncoding</key>
			<string>4</string>
			<key>isa</key>
			<string>PBXFileReference</string>
			<key>lastKnownFileType</key>
			<string>sourcecode.swift</string>
			<key>name</key>
			<string>ChainableCommand.swift</string>
			<key>path</key>
			<string>SwiftCLI/Sources/ChainableCommand.swift</string>
			<key>sourceTree</key>
			<string>SOURCE_ROOT</string>
		</dict>
		<key>937245001E12E455005387E8</key>
		<dict>
			<key>fileEncoding</key>
			<string>4</string>
			<key>isa</key>
			<string>PBXFileReference</string>
			<key>lastKnownFileType</key>
			<string>sourcecode.swift</string>
			<key>name</key>
			<string>CLI.swift</string>
			<key>path</key>
			<string>SwiftCLI/Sources/CLI.swift</string>
			<key>sourceTree</key>
			<string>SOURCE_ROOT</string>
		</dict>
		<key>937245011E12E455005387E8</key>
		<dict>
			<key>fileEncoding</key>
			<string>4</string>
			<key>isa</key>
			<string>PBXFileReference</string>
			<key>lastKnownFileType</key>
			<string>sourcecode.swift</string>
			<key>name</key>
			<string>Command.swift</string>
			<key>path</key>
			<string>SwiftCLI/Sources/Command.swift</string>
			<key>sourceTree</key>
			<string>SOURCE_ROOT</string>
		</dict>
		<key>937245021E12E455005387E8</key>
		<dict>
			<key>fileEncoding</key>
			<string>4</string>
			<key>isa</key>
			<string>PBXFileReference</string>
			<key>lastKnownFileType</key>
			<string>sourcecode.swift</string>
			<key>name</key>
			<string>CommandArgumentParser.swift</string>
			<key>path</key>
			<string>SwiftCLI/Sources/CommandArgumentParser.swift</string>
			<key>sourceTree</key>
			<string>SOURCE_ROOT</string>
		</dict>
		<key>937245031E12E455005387E8</key>
		<dict>
			<key>fileEncoding</key>
			<string>4</string>
			<key>isa</key>
			<string>PBXFileReference</string>
			<key>lastKnownFileType</key>
			<string>sourcecode.swift</string>
			<key>name</key>
			<string>CommandArguments.swift</string>
			<key>path</key>
			<string>SwiftCLI/Sources/CommandArguments.swift</string>
			<key>sourceTree</key>
			<string>SOURCE_ROOT</string>
		</dict>
		<key>937245041E12E455005387E8</key>
		<dict>
			<key>fileEncoding</key>
			<string>4</string>
			<key>isa</key>
			<string>PBXFileReference</string>
			<key>lastKnownFileType</key>
			<string>sourcecode.swift</string>
			<key>name</key>
			<string>CommandMessageGenerator.swift</string>
			<key>path</key>
			<string>SwiftCLI/Sources/CommandMessageGenerator.swift</string>
			<key>sourceTree</key>
			<string>SOURCE_ROOT</string>
		</dict>
		<key>937245051E12E455005387E8</key>
		<dict>
			<key>fileEncoding</key>
			<string>4</string>
			<key>isa</key>
			<string>PBXFileReference</string>
			<key>lastKnownFileType</key>
			<string>sourcecode.swift</string>
			<key>name</key>
			<string>CommandSignature.swift</string>
			<key>path</key>
			<string>SwiftCLI/Sources/CommandSignature.swift</string>
			<key>sourceTree</key>
			<string>SOURCE_ROOT</string>
		</dict>
		<key>937245061E12E455005387E8</key>
		<dict>
			<key>fileEncoding</key>
			<string>4</string>
			<key>isa</key>
			<string>PBXFileReference</string>
			<key>lastKnownFileType</key>
			<string>sourcecode.swift</string>
			<key>name</key>
			<string>Extensions.swift</string>
			<key>path</key>
			<string>SwiftCLI/Sources/Extensions.swift</string>
			<key>sourceTree</key>
			<string>SOURCE_ROOT</string>
		</dict>
		<key>937245071E12E455005387E8</key>
		<dict>
			<key>fileEncoding</key>
			<string>4</string>
			<key>isa</key>
			<string>PBXFileReference</string>
			<key>lastKnownFileType</key>
			<string>sourcecode.swift</string>
			<key>name</key>
			<string>HelpCommand.swift</string>
			<key>path</key>
			<string>SwiftCLI/Sources/HelpCommand.swift</string>
			<key>sourceTree</key>
			<string>SOURCE_ROOT</string>
		</dict>
		<key>937245081E12E455005387E8</key>
		<dict>
			<key>fileEncoding</key>
			<string>4</string>
			<key>isa</key>
			<string>PBXFileReference</string>
			<key>lastKnownFileType</key>
			<string>sourcecode.swift</string>
			<key>name</key>
			<string>Input.swift</string>
			<key>path</key>
			<string>SwiftCLI/Sources/Input.swift</string>
			<key>sourceTree</key>
			<string>SOURCE_ROOT</string>
		</dict>
		<key>937245091E12E455005387E8</key>
		<dict>
			<key>fileEncoding</key>
			<string>4</string>
			<key>isa</key>
			<string>PBXFileReference</string>
			<key>lastKnownFileType</key>
			<string>sourcecode.swift</string>
			<key>name</key>
			<string>LightweightCommand.swift</string>
			<key>path</key>
			<string>SwiftCLI/Sources/LightweightCommand.swift</string>
			<key>sourceTree</key>
			<string>SOURCE_ROOT</string>
		</dict>
		<key>9372450A1E12E455005387E8</key>
		<dict>
			<key>fileEncoding</key>
			<string>4</string>
			<key>isa</key>
			<string>PBXFileReference</string>
			<key>lastKnownFileType</key>
			<string>sourcecode.swift</string>
			<key>name</key>
			<string>OptionParser.swift</string>
			<key>path</key>
			<string>SwiftCLI/Sources/OptionParser.swift</string>
			<key>sourceTree</key>
			<string>SOURCE_ROOT</string>
		</dict>
		<key>9372450B1E12E455005387E8</key>
		<dict>
			<key>fileEncoding</key>
			<string>4</string>
			<key>isa</key>
			<string>PBXFileReference</string>
			<key>lastKnownFileType</key>
			<string>sourcecode.swift</string>
			<key>name</key>
			<string>OptionRegistry.swift</string>
			<key>path</key>
			<string>SwiftCLI/Sources/OptionRegistry.swift</string>
			<key>sourceTree</key>
			<string>SOURCE_ROOT</string>
		</dict>
		<key>9372450C1E12E455005387E8</key>
		<dict>
			<key>fileEncoding</key>
			<string>4</string>
			<key>isa</key>
			<string>PBXFileReference</string>
			<key>lastKnownFileType</key>
			<string>sourcecode.swift</string>
			<key>name</key>
			<string>Output.swift</string>
			<key>path</key>
			<string>SwiftCLI/Sources/Output.swift</string>
			<key>sourceTree</key>
			<string>SOURCE_ROOT</string>
		</dict>
		<key>9372450D1E12E455005387E8</key>
		<dict>
			<key>fileEncoding</key>
			<string>4</string>
			<key>isa</key>
			<string>PBXFileReference</string>
			<key>lastKnownFileType</key>
			<string>sourcecode.swift</string>
			<key>name</key>
			<string>RawArgumentParser.swift</string>
			<key>path</key>
			<string>SwiftCLI/Sources/RawArgumentParser.swift</string>
			<key>sourceTree</key>
			<string>SOURCE_ROOT</string>
		</dict>
		<key>9372450E1E12E455005387E8</key>
		<dict>
			<key>fileEncoding</key>
			<string>4</string>
			<key>isa</key>
			<string>PBXFileReference</string>
			<key>lastKnownFileType</key>
			<string>sourcecode.swift</string>
			<key>name</key>
			<string>RawArguments.swift</string>
			<key>path</key>
			<string>SwiftCLI/Sources/RawArguments.swift</string>
			<key>sourceTree</key>
			<string>SOURCE_ROOT</string>
		</dict>
		<key>9372450F1E12E455005387E8</key>
		<dict>
			<key>fileEncoding</key>
			<string>4</string>
			<key>isa</key>
			<string>PBXFileReference</string>
			<key>lastKnownFileType</key>
			<string>sourcecode.swift</string>
			<key>name</key>
			<string>Router.swift</string>
			<key>path</key>
			<string>SwiftCLI/Sources/Router.swift</string>
			<key>sourceTree</key>
			<string>SOURCE_ROOT</string>
		</dict>
		<key>937245101E12E455005387E8</key>
		<dict>
			<key>fileEncoding</key>
			<string>4</string>
			<key>isa</key>
			<string>PBXFileReference</string>
			<key>lastKnownFileType</key>
			<string>sourcecode.swift</string>
			<key>name</key>
			<string>VersionCommand.swift</string>
			<key>path</key>
			<string>SwiftCLI/Sources/VersionCommand.swift</string>
			<key>sourceTree</key>
			<string>SOURCE_ROOT</string>
		</dict>
		<key>937245111E12E455005387E8</key>
		<dict>
			<key>fileRef</key>
			<string>937244FF1E12E455005387E8</string>
			<key>isa</key>
			<string>PBXBuildFile</string>
		</dict>
		<key>937245121E12E455005387E8</key>
		<dict>
			<key>fileRef</key>
			<string>937245001E12E455005387E8</string>
			<key>isa</key>
			<string>PBXBuildFile</string>
		</dict>
		<key>937245131E12E455005387E8</key>
		<dict>
			<key>fileRef</key>
			<string>937245011E12E455005387E8</string>
			<key>isa</key>
			<string>PBXBuildFile</string>
		</dict>
		<key>937245141E12E455005387E8</key>
		<dict>
			<key>fileRef</key>
			<string>937245021E12E455005387E8</string>
			<key>isa</key>
			<string>PBXBuildFile</string>
		</dict>
		<key>937245151E12E455005387E8</key>
		<dict>
			<key>fileRef</key>
			<string>937245031E12E455005387E8</string>
			<key>isa</key>
			<string>PBXBuildFile</string>
		</dict>
		<key>937245161E12E455005387E8</key>
		<dict>
			<key>fileRef</key>
			<string>937245041E12E455005387E8</string>
			<key>isa</key>
			<string>PBXBuildFile</string>
		</dict>
		<key>937245171E12E455005387E8</key>
		<dict>
			<key>fileRef</key>
			<string>937245051E12E455005387E8</string>
			<key>isa</key>
			<string>PBXBuildFile</string>
		</dict>
		<key>937245181E12E455005387E8</key>
		<dict>
			<key>fileRef</key>
			<string>937245061E12E455005387E8</string>
			<key>isa</key>
			<string>PBXBuildFile</string>
		</dict>
		<key>937245191E12E455005387E8</key>
		<dict>
			<key>fileRef</key>
			<string>937245071E12E455005387E8</string>
			<key>isa</key>
			<string>PBXBuildFile</string>
		</dict>
		<key>9372451A1E12E455005387E8</key>
		<dict>
			<key>fileRef</key>
			<string>937245081E12E455005387E8</string>
			<key>isa</key>
			<string>PBXBuildFile</string>
		</dict>
		<key>9372451B1E12E455005387E8</key>
		<dict>
			<key>fileRef</key>
			<string>937245091E12E455005387E8</string>
			<key>isa</key>
			<string>PBXBuildFile</string>
		</dict>
		<key>9372451C1E12E455005387E8</key>
		<dict>
			<key>fileRef</key>
			<string>9372450A1E12E455005387E8</string>
			<key>isa</key>
			<string>PBXBuildFile</string>
		</dict>
		<key>9372451D1E12E455005387E8</key>
		<dict>
			<key>fileRef</key>
			<string>9372450B1E12E455005387E8</string>
			<key>isa</key>
			<string>PBXBuildFile</string>
		</dict>
		<key>9372451E1E12E455005387E8</key>
		<dict>
			<key>fileRef</key>
			<string>9372450C1E12E455005387E8</string>
			<key>isa</key>
			<string>PBXBuildFile</string>
		</dict>
		<key>9372451F1E12E455005387E8</key>
		<dict>
			<key>fileRef</key>
			<string>9372450D1E12E455005387E8</string>
			<key>isa</key>
			<string>PBXBuildFile</string>
		</dict>
		<key>937245201E12E455005387E8</key>
		<dict>
			<key>fileRef</key>
			<string>9372450E1E12E455005387E8</string>
			<key>isa</key>
			<string>PBXBuildFile</string>
		</dict>
		<key>937245211E12E455005387E8</key>
		<dict>
			<key>fileRef</key>
			<string>9372450F1E12E455005387E8</string>
			<key>isa</key>
			<string>PBXBuildFile</string>
		</dict>
		<key>937245221E12E455005387E8</key>
		<dict>
			<key>fileRef</key>
			<string>937245101E12E455005387E8</string>
			<key>isa</key>
			<string>PBXBuildFile</string>
		</dict>
		<key>937245231E12E467005387E8</key>
		<dict>
			<key>fileEncoding</key>
			<string>4</string>
			<key>isa</key>
			<string>PBXFileReference</string>
			<key>lastKnownFileType</key>
			<string>sourcecode.swift</string>
			<key>name</key>
			<string>SwiftyJSON.swift</string>
			<key>path</key>
			<string>SwiftyJSON/Source/SwiftyJSON.swift</string>
			<key>sourceTree</key>
			<string>SOURCE_ROOT</string>
		</dict>
		<key>937245241E12E467005387E8</key>
		<dict>
			<key>fileRef</key>
			<string>937245231E12E467005387E8</string>
			<key>isa</key>
			<string>PBXBuildFile</string>
		</dict>
		<key>937245251E12E48F005387E8</key>
		<dict>
			<key>fileRef</key>
			<string>937245231E12E467005387E8</string>
			<key>isa</key>
			<string>PBXBuildFile</string>
		</dict>
		<key>937245261E12E490005387E8</key>
		<dict>
			<key>fileRef</key>
			<string>937245231E12E467005387E8</string>
			<key>isa</key>
			<string>PBXBuildFile</string>
		</dict>
		<key>937245271E12E6DE005387E8</key>
		<dict>
			<key>children</key>
			<array>
				<string>937245281E12E6F2005387E8</string>
			</array>
			<key>isa</key>
			<string>PBXGroup</string>
			<key>path</key>
			<string>External-Libraries</string>
			<key>sourceTree</key>
			<string>&lt;group&gt;</string>
		</dict>
		<key>937245281E12E6F2005387E8</key>
		<dict>
			<key>fileEncoding</key>
			<string>4</string>
			<key>isa</key>
			<string>PBXFileReference</string>
			<key>lastKnownFileType</key>
			<string>sourcecode.swift</string>
			<key>path</key>
			<string>LineNumberRulerView.swift</string>
			<key>sourceTree</key>
			<string>&lt;group&gt;</string>
		</dict>
		<key>937245291E12E6F2005387E8</key>
		<dict>
			<key>fileRef</key>
			<string>937245281E12E6F2005387E8</string>
			<key>isa</key>
			<string>PBXBuildFile</string>
		</dict>
		<key>9372452A1E12E6F2005387E8</key>
		<dict>
			<key>fileRef</key>
			<string>937245281E12E6F2005387E8</string>
			<key>isa</key>
			<string>PBXBuildFile</string>
		</dict>
		<key>9372452B1E12E789005387E8</key>
		<dict>
			<key>children</key>
			<array>
				<string>934F09D91E12CE6E00D983FF</string>
			</array>
			<key>isa</key>
			<string>PBXGroup</string>
			<key>name</key>
			<string>External-Libraries</string>
			<key>sourceTree</key>
			<string>&lt;group&gt;</string>
		</dict>
		<key>9372452C1E12E825005387E8</key>
		<dict>
			<key>fileRef</key>
			<string>934F09F51E12DC4B00D983FF</string>
			<key>isa</key>
			<string>PBXBuildFile</string>
		</dict>
		<key>9372452D1E12E83A005387E8</key>
		<dict>
			<key>fileRef</key>
			<string>9327F2891DF4BD540002BE40</string>
			<key>isa</key>
			<string>PBXBuildFile</string>
		</dict>
		<key>9380E5931D2C6D12003F77B1</key>
		<dict>
			<key>fileEncoding</key>
			<string>4</string>
			<key>isa</key>
			<string>PBXFileReference</string>
			<key>lastKnownFileType</key>
			<string>sourcecode.swift</string>
			<key>path</key>
			<string>StringTests.swift</string>
			<key>sourceTree</key>
			<string>&lt;group&gt;</string>
		</dict>
		<key>9380E5941D2C6D12003F77B1</key>
		<dict>
			<key>fileRef</key>
			<string>9380E5931D2C6D12003F77B1</string>
			<key>isa</key>
			<string>PBXBuildFile</string>
		</dict>
		<key>9395707A1D008A860039453D</key>
		<dict>
			<key>fileEncoding</key>
			<string>4</string>
			<key>isa</key>
			<string>PBXFileReference</string>
			<key>lastKnownFileType</key>
			<string>sourcecode.swift</string>
			<key>path</key>
			<string>DefaultModelFileComponent.swift</string>
			<key>sourceTree</key>
			<string>&lt;group&gt;</string>
		</dict>
		<key>9395707B1D008A860039453D</key>
		<dict>
			<key>fileRef</key>
			<string>9395707A1D008A860039453D</string>
			<key>isa</key>
			<string>PBXBuildFile</string>
		</dict>
		<key>93A1264E1BDB8B04002A3B11</key>
		<dict>
			<key>children</key>
			<array>
				<string>9341A1491BD6E5FE0048CE2C</string>
				<string>934E61981E0EA20000B7601B</string>
				<string>93F159391CFF853C00175636</string>
			</array>
			<key>isa</key>
			<string>PBXGroup</string>
			<key>path</key>
			<string>Generators</string>
			<key>sourceTree</key>
			<string>&lt;group&gt;</string>
		</dict>
		<key>93A1264F1BDB8B14002A3B11</key>
		<dict>
			<key>children</key>
			<array>
				<string>93F174441BD0707D007E7DFC</string>
				<string>93CDE7711BD1A00B00B5B234</string>
			</array>
			<key>isa</key>
			<string>PBXGroup</string>
			<key>path</key>
			<string>UI</string>
			<key>sourceTree</key>
			<string>&lt;group&gt;</string>
		</dict>
		<key>93CC54171D01012D00B82ED5</key>
		<dict>
			<key>children</key>
			<array>
				<string>934F09F51E12DC4B00D983FF</string>
				<string>9327F2871DF4BCA70002BE40</string>
				<string>93F1593F1CFF96E700175636</string>
				<string>93F1593D1CFF969900175636</string>
			</array>
			<key>isa</key>
			<string>PBXGroup</string>
			<key>path</key>
			<string>Library-Extensions</string>
			<key>sourceTree</key>
			<string>&lt;group&gt;</string>
		</dict>
		<key>93CDE7711BD1A00B00B5B234</key>
		<dict>
			<key>fileEncoding</key>
			<string>4</string>
			<key>isa</key>
			<string>PBXFileReference</string>
			<key>lastKnownFileType</key>
			<string>sourcecode.swift</string>
			<key>path</key>
			<string>SJTextView.swift</string>
			<key>sourceTree</key>
			<string>&lt;group&gt;</string>
		</dict>
		<key>93CDE7721BD1A00B00B5B234</key>
		<dict>
			<key>fileRef</key>
			<string>93CDE7711BD1A00B00B5B234</string>
			<key>isa</key>
			<string>PBXBuildFile</string>
		</dict>
		<key>93D850D81D00D2030023D573</key>
		<dict>
			<key>fileRef</key>
			<string>9341A1491BD6E5FE0048CE2C</string>
			<key>isa</key>
			<string>PBXBuildFile</string>
		</dict>
		<key>93D850D91D00D2070023D573</key>
		<dict>
			<key>fileRef</key>
			<string>93F159391CFF853C00175636</string>
			<key>isa</key>
			<string>PBXBuildFile</string>
		</dict>
		<key>93D850DB1D00D2EA0023D573</key>
		<dict>
			<key>fileRef</key>
			<string>93F174421BD0707D007E7DFC</string>
			<key>isa</key>
			<string>PBXBuildFile</string>
		</dict>
		<key>93D850DC1D00D2ED0023D573</key>
		<dict>
			<key>fileRef</key>
			<string>93F174441BD0707D007E7DFC</string>
			<key>isa</key>
			<string>PBXBuildFile</string>
		</dict>
		<key>93D850DE1D00D2F00023D573</key>
		<dict>
			<key>fileRef</key>
			<string>93CDE7711BD1A00B00B5B234</string>
			<key>isa</key>
			<string>PBXBuildFile</string>
		</dict>
		<key>93D850E01D00D2F60023D573</key>
		<dict>
			<key>fileRef</key>
			<string>9341A14E1BD6E7290048CE2C</string>
			<key>isa</key>
			<string>PBXBuildFile</string>
		</dict>
		<key>93D850E11D00D2F60023D573</key>
		<dict>
			<key>fileRef</key>
			<string>C667011E1BDCBE1F009BA254</string>
			<key>isa</key>
			<string>PBXBuildFile</string>
		</dict>
		<key>93D850E21D00D2F60023D573</key>
		<dict>
			<key>fileRef</key>
			<string>C667011C1BDCAF23009BA254</string>
			<key>isa</key>
			<string>PBXBuildFile</string>
		</dict>
		<key>93D850E31D00D2F60023D573</key>
		<dict>
			<key>fileRef</key>
			<string>C667011A1BDCABCE009BA254</string>
			<key>isa</key>
			<string>PBXBuildFile</string>
		</dict>
		<key>93D850E61D00D3020023D573</key>
		<dict>
			<key>fileRef</key>
			<string>93E91B0C1CFF2DFF00ECA2A6</string>
			<key>isa</key>
			<string>PBXBuildFile</string>
		</dict>
		<key>93D850E71D00D3020023D573</key>
		<dict>
			<key>fileRef</key>
			<string>93F1745F1BD070AA007E7DFC</string>
			<key>isa</key>
			<string>PBXBuildFile</string>
		</dict>
		<key>93D850E81D00D3020023D573</key>
		<dict>
			<key>fileRef</key>
			<string>93F159371CFF842D00175636</string>
			<key>isa</key>
			<string>PBXBuildFile</string>
		</dict>
		<key>93D850E91D00D3020023D573</key>
		<dict>
			<key>fileRef</key>
			<string>93F159351CFF83A800175636</string>
			<key>isa</key>
			<string>PBXBuildFile</string>
		</dict>
		<key>93D850EB1D00D3070023D573</key>
		<dict>
			<key>fileRef</key>
			<string>93F1592F1CFF832100175636</string>
			<key>isa</key>
			<string>PBXBuildFile</string>
		</dict>
		<key>93D850EC1D00D3070023D573</key>
		<dict>
			<key>fileRef</key>
			<string>93F1592B1CFF826900175636</string>
			<key>isa</key>
			<string>PBXBuildFile</string>
		</dict>
		<key>93D850EE1D00D3070023D573</key>
		<dict>
			<key>fileRef</key>
			<string>93F1593D1CFF969900175636</string>
			<key>isa</key>
			<string>PBXBuildFile</string>
		</dict>
		<key>93D850EF1D00D3070023D573</key>
		<dict>
			<key>fileRef</key>
			<string>93F1593F1CFF96E700175636</string>
			<key>isa</key>
			<string>PBXBuildFile</string>
		</dict>
		<key>93D850F01D00D3070023D573</key>
		<dict>
			<key>fileRef</key>
			<string>9395707A1D008A860039453D</string>
			<key>isa</key>
			<string>PBXBuildFile</string>
		</dict>
		<key>93D850F61D00D7C80023D573</key>
		<dict>
			<key>fileEncoding</key>
			<string>4</string>
			<key>isa</key>
			<string>PBXFileReference</string>
			<key>lastKnownFileType</key>
			<string>text</string>
			<key>path</key>
			<string>TestJSONFile.sample</string>
			<key>sourceTree</key>
			<string>&lt;group&gt;</string>
		</dict>
		<key>93D850F71D00D7C80023D573</key>
		<dict>
			<key>fileRef</key>
			<string>93D850F61D00D7C80023D573</string>
			<key>isa</key>
			<string>PBXBuildFile</string>
		</dict>
		<key>93E91B0C1CFF2DFF00ECA2A6</key>
		<dict>
			<key>fileEncoding</key>
			<string>4</string>
			<key>isa</key>
			<string>PBXFileReference</string>
			<key>lastKnownFileType</key>
			<string>sourcecode.swift</string>
			<key>path</key>
			<string>Constants.swift</string>
			<key>sourceTree</key>
			<string>&lt;group&gt;</string>
		</dict>
		<key>93E91B0D1CFF2DFF00ECA2A6</key>
		<dict>
			<key>fileRef</key>
			<string>93E91B0C1CFF2DFF00ECA2A6</string>
			<key>isa</key>
			<string>PBXBuildFile</string>
		</dict>
		<key>93F1592B1CFF826900175636</key>
		<dict>
			<key>fileEncoding</key>
			<string>4</string>
			<key>isa</key>
			<string>PBXFileReference</string>
			<key>lastKnownFileType</key>
			<string>sourcecode.swift</string>
			<key>path</key>
			<string>ModelGenerationConfiguration.swift</string>
			<key>sourceTree</key>
			<string>&lt;group&gt;</string>
		</dict>
		<key>93F1592C1CFF826900175636</key>
		<dict>
			<key>fileRef</key>
			<string>93F1592B1CFF826900175636</string>
			<key>isa</key>
			<string>PBXBuildFile</string>
		</dict>
		<key>93F1592F1CFF832100175636</key>
		<dict>
			<key>fileEncoding</key>
			<string>4</string>
			<key>isa</key>
			<string>PBXFileReference</string>
			<key>lastKnownFileType</key>
			<string>sourcecode.swift</string>
			<key>path</key>
			<string>ModelFile.swift</string>
			<key>sourceTree</key>
			<string>&lt;group&gt;</string>
		</dict>
		<key>93F159301CFF832100175636</key>
		<dict>
			<key>fileRef</key>
			<string>93F1592F1CFF832100175636</string>
			<key>isa</key>
			<string>PBXBuildFile</string>
		</dict>
		<key>93F159311CFF835100175636</key>
		<dict>
			<key>children</key>
			<array>
				<string>9395707A1D008A860039453D</string>
				<string>930462AF1D310F6900FE61A6</string>
				<string>93F1592F1CFF832100175636</string>
				<string>93F1592B1CFF826900175636</string>
				<string>930462B11D310FF200FE61A6</string>
			</array>
			<key>isa</key>
			<string>PBXGroup</string>
			<key>path</key>
			<string>Models-Components</string>
			<key>sourceTree</key>
			<string>&lt;group&gt;</string>
		</dict>
		<key>93F159341CFF837000175636</key>
		<dict>
			<key>children</key>
			<array>
				<string>93F159371CFF842D00175636</string>
				<string>93F1745F1BD070AA007E7DFC</string>
				<string>93F159351CFF83A800175636</string>
			</array>
			<key>isa</key>
			<string>PBXGroup</string>
			<key>path</key>
			<string>Helpers</string>
			<key>sourceTree</key>
			<string>&lt;group&gt;</string>
		</dict>
		<key>93F159351CFF83A800175636</key>
		<dict>
			<key>fileEncoding</key>
			<string>4</string>
			<key>isa</key>
			<string>PBXFileReference</string>
			<key>lastKnownFileType</key>
			<string>sourcecode.swift</string>
			<key>path</key>
			<string>String+Helpers.swift</string>
			<key>sourceTree</key>
			<string>&lt;group&gt;</string>
		</dict>
		<key>93F159361CFF83A800175636</key>
		<dict>
			<key>fileRef</key>
			<string>93F159351CFF83A800175636</string>
			<key>isa</key>
			<string>PBXBuildFile</string>
		</dict>
		<key>93F159371CFF842D00175636</key>
		<dict>
			<key>fileEncoding</key>
			<string>4</string>
			<key>isa</key>
			<string>PBXFileReference</string>
			<key>lastKnownFileType</key>
			<string>sourcecode.swift</string>
			<key>path</key>
			<string>JSON+Helpers.swift</string>
			<key>sourceTree</key>
			<string>&lt;group&gt;</string>
		</dict>
		<key>93F159381CFF842D00175636</key>
		<dict>
			<key>fileRef</key>
			<string>93F159371CFF842D00175636</string>
			<key>isa</key>
			<string>PBXBuildFile</string>
		</dict>
		<key>93F159391CFF853C00175636</key>
		<dict>
			<key>fileEncoding</key>
			<string>4</string>
			<key>isa</key>
			<string>PBXFileReference</string>
			<key>lastKnownFileType</key>
			<string>sourcecode.swift</string>
			<key>path</key>
			<string>NameGenerator.swift</string>
			<key>sourceTree</key>
			<string>&lt;group&gt;</string>
		</dict>
		<key>93F1593A1CFF853C00175636</key>
		<dict>
			<key>fileRef</key>
			<string>93F159391CFF853C00175636</string>
			<key>isa</key>
			<string>PBXBuildFile</string>
		</dict>
		<key>93F1593B1CFF920500175636</key>
		<dict>
			<key>fileEncoding</key>
			<string>4</string>
			<key>isa</key>
			<string>PBXFileReference</string>
			<key>lastKnownFileType</key>
			<string>sourcecode.swift</string>
			<key>path</key>
			<string>ModelGeneratorTests.swift</string>
			<key>sourceTree</key>
			<string>&lt;group&gt;</string>
		</dict>
		<key>93F1593C1CFF920500175636</key>
		<dict>
			<key>fileRef</key>
			<string>93F1593B1CFF920500175636</string>
			<key>isa</key>
			<string>PBXBuildFile</string>
		</dict>
		<key>93F1593D1CFF969900175636</key>
		<dict>
			<key>fileEncoding</key>
			<string>4</string>
			<key>isa</key>
			<string>PBXFileReference</string>
			<key>lastKnownFileType</key>
			<string>sourcecode.swift</string>
			<key>path</key>
			<string>SwiftyJSONModelFile.swift</string>
			<key>sourceTree</key>
			<string>&lt;group&gt;</string>
		</dict>
		<key>93F1593E1CFF969900175636</key>
		<dict>
			<key>fileRef</key>
			<string>93F1593D1CFF969900175636</string>
			<key>isa</key>
			<string>PBXBuildFile</string>
		</dict>
		<key>93F1593F1CFF96E700175636</key>
		<dict>
			<key>fileEncoding</key>
			<string>4</string>
			<key>isa</key>
			<string>PBXFileReference</string>
			<key>lastKnownFileType</key>
			<string>sourcecode.swift</string>
			<key>path</key>
			<string>ObjectMapperModelFile.swift</string>
			<key>sourceTree</key>
			<string>&lt;group&gt;</string>
		</dict>
		<key>93F159401CFF96E700175636</key>
		<dict>
			<key>fileRef</key>
			<string>93F1593F1CFF96E700175636</string>
			<key>isa</key>
			<string>PBXBuildFile</string>
		</dict>
		<key>93F174361BD0707D007E7DFC</key>
		<dict>
			<key>children</key>
			<array>
				<string>934F09DA1E12D36700D983FF</string>
				<string>D30AF1E89ECF6FDC9C3EA434</string>
				<string>CC8555B16DF4EA1A820C7332</string>
				<string>93F174401BD0707D007E7DFC</string>
				<string>933CF3941E11699700F9C412</string>
				<string>93F174411BD0707D007E7DFC</string>
				<string>93F174531BD0707D007E7DFC</string>
			</array>
			<key>isa</key>
			<string>PBXGroup</string>
			<key>sourceTree</key>
			<string>&lt;group&gt;</string>
		</dict>
		<key>93F174371BD0707D007E7DFC</key>
		<dict>
			<key>attributes</key>
			<dict>
				<key>LastSwiftUpdateCheck</key>
				<string>0820</string>
				<key>LastUpgradeCheck</key>
				<string>0820</string>
				<key>ORGANIZATIONNAME</key>
				<string>Karthikeya Udupa K M</string>
				<key>TargetAttributes</key>
				<dict>
					<key>933CF3921E11699600F9C412</key>
					<dict>
						<key>CreatedOnToolsVersion</key>
						<string>8.2.1</string>
						<key>DevelopmentTeam</key>
						<string>UYGU8PDBPS</string>
						<key>ProvisioningStyle</key>
						<string>Automatic</string>
					</dict>
					<key>93F1743E1BD0707D007E7DFC</key>
					<dict>
						<key>CreatedOnToolsVersion</key>
						<string>7.0.1</string>
						<key>DevelopmentTeam</key>
						<string>UYGU8PDBPS</string>
						<key>LastSwiftMigration</key>
						<string>0800</string>
						<key>ProvisioningStyle</key>
						<string>Automatic</string>
					</dict>
					<key>93F1744F1BD0707D007E7DFC</key>
					<dict>
						<key>CreatedOnToolsVersion</key>
						<string>7.0.1</string>
						<key>LastSwiftMigration</key>
						<string>0800</string>
						<key>ProvisioningStyle</key>
						<string>Automatic</string>
						<key>TestTargetID</key>
						<string>93F1743E1BD0707D007E7DFC</string>
					</dict>
				</dict>
			</dict>
			<key>buildConfigurationList</key>
			<string>93F1743A1BD0707D007E7DFC</string>
			<key>compatibilityVersion</key>
			<string>Xcode 3.2</string>
			<key>developmentRegion</key>
			<string>English</string>
			<key>hasScannedForEncodings</key>
			<string>0</string>
			<key>isa</key>
			<string>PBXProject</string>
			<key>knownRegions</key>
			<array>
				<string>en</string>
				<string>Base</string>
			</array>
			<key>mainGroup</key>
			<string>93F174361BD0707D007E7DFC</string>
			<key>productRefGroup</key>
			<string>93F174401BD0707D007E7DFC</string>
			<key>projectDirPath</key>
			<string></string>
			<key>projectReferences</key>
			<array/>
			<key>projectRoot</key>
			<string></string>
			<key>targets</key>
			<array>
				<string>93F1743E1BD0707D007E7DFC</string>
				<string>93F1744F1BD0707D007E7DFC</string>
				<string>933CF3921E11699600F9C412</string>
			</array>
		</dict>
		<key>93F1743A1BD0707D007E7DFC</key>
		<dict>
			<key>buildConfigurations</key>
			<array>
				<string>93F174571BD0707D007E7DFC</string>
				<string>93F174581BD0707D007E7DFC</string>
			</array>
			<key>defaultConfigurationIsVisible</key>
			<string>0</string>
			<key>defaultConfigurationName</key>
			<string>Release</string>
			<key>isa</key>
			<string>XCConfigurationList</string>
		</dict>
		<key>93F1743B1BD0707D007E7DFC</key>
		<dict>
			<key>buildActionMask</key>
			<string>2147483647</string>
			<key>files</key>
			<array>
				<string>93F1592C1CFF826900175636</string>
				<string>934E61991E0EA20000B7601B</string>
				<string>93CDE7721BD1A00B00B5B234</string>
				<string>937245251E12E48F005387E8</string>
				<string>93F174601BD070AA007E7DFC</string>
				<string>9341A14A1BD6E5FE0048CE2C</string>
				<string>934F09F61E12DC4B00D983FF</string>
				<string>930462B21D310FF200FE61A6</string>
				<string>93F1593A1CFF853C00175636</string>
				<string>9327F2881DF4BCA70002BE40</string>
				<string>930462AD1D3106A400FE61A6</string>
				<string>93F174451BD0707D007E7DFC</string>
				<string>93F1593E1CFF969900175636</string>
				<string>937245291E12E6F2005387E8</string>
				<string>93F159301CFF832100175636</string>
				<string>9395707B1D008A860039453D</string>
				<string>930462B01D310F6900FE61A6</string>
				<string>93F159361CFF83A800175636</string>
				<string>93F174431BD0707D007E7DFC</string>
				<string>93E91B0D1CFF2DFF00ECA2A6</string>
				<string>93F159381CFF842D00175636</string>
				<string>93F159401CFF96E700175636</string>
			</array>
			<key>isa</key>
			<string>PBXSourcesBuildPhase</string>
			<key>runOnlyForDeploymentPostprocessing</key>
			<string>0</string>
		</dict>
		<key>93F1743C1BD0707D007E7DFC</key>
		<dict>
			<key>buildActionMask</key>
			<string>2147483647</string>
			<key>files</key>
			<array/>
			<key>isa</key>
			<string>PBXFrameworksBuildPhase</string>
			<key>runOnlyForDeploymentPostprocessing</key>
			<string>0</string>
		</dict>
		<key>93F1743D1BD0707D007E7DFC</key>
		<dict>
			<key>buildActionMask</key>
			<string>2147483647</string>
			<key>files</key>
			<array>
				<string>C667011B1BDCABCE009BA254</string>
				<string>C667011F1BDCBE1F009BA254</string>
				<string>93F174471BD0707D007E7DFC</string>
				<string>C667011D1BDCAF23009BA254</string>
				<string>9341A14F1BD6E7290048CE2C</string>
				<string>93F1744A1BD0707D007E7DFC</string>
				<string>9327F28A1DF4BD540002BE40</string>
			</array>
			<key>isa</key>
			<string>PBXResourcesBuildPhase</string>
			<key>runOnlyForDeploymentPostprocessing</key>
			<string>0</string>
		</dict>
		<key>93F1743E1BD0707D007E7DFC</key>
		<dict>
			<key>buildConfigurationList</key>
			<string>93F174591BD0707D007E7DFC</string>
			<key>buildPhases</key>
			<array>
				<string>93F1743B1BD0707D007E7DFC</string>
				<string>93F1743C1BD0707D007E7DFC</string>
				<string>93F1743D1BD0707D007E7DFC</string>
				<string>930462B91D311F9100FE61A6</string>
			</array>
			<key>buildRules</key>
			<array/>
			<key>dependencies</key>
			<array/>
			<key>isa</key>
			<string>PBXNativeTarget</string>
			<key>name</key>
			<string>SwiftyJSONAccelerator</string>
			<key>productName</key>
			<string>SwifyJSONAccelerator</string>
			<key>productReference</key>
			<string>93F1743F1BD0707D007E7DFC</string>
			<key>productType</key>
			<string>com.apple.product-type.application</string>
		</dict>
		<key>93F1743F1BD0707D007E7DFC</key>
		<dict>
			<key>explicitFileType</key>
			<string>wrapper.application</string>
			<key>includeInIndex</key>
			<string>0</string>
			<key>isa</key>
			<string>PBXFileReference</string>
			<key>path</key>
			<string>SwiftyJSONAccelerator.app</string>
			<key>sourceTree</key>
			<string>BUILT_PRODUCTS_DIR</string>
		</dict>
		<key>93F174401BD0707D007E7DFC</key>
		<dict>
			<key>children</key>
			<array>
				<string>93F1743F1BD0707D007E7DFC</string>
				<string>93F174501BD0707D007E7DFC</string>
				<string>933CF3931E11699600F9C412</string>
			</array>
			<key>isa</key>
			<string>PBXGroup</string>
			<key>name</key>
			<string>Products</string>
			<key>sourceTree</key>
			<string>&lt;group&gt;</string>
		</dict>
		<key>93F174411BD0707D007E7DFC</key>
		<dict>
			<key>children</key>
			<array>
				<string>930462B81D3115A800FE61A6</string>
				<string>937245271E12E6DE005387E8</string>
				<string>930462B41D31121D00FE61A6</string>
				<string>930462B31D31121200FE61A6</string>
				<string>9341A14D1BD6E6EF0048CE2C</string>
				<string>93A1264F1BDB8B14002A3B11</string>
				<string>930462AC1D3106A400FE61A6</string>
			</array>
			<key>isa</key>
			<string>PBXGroup</string>
			<key>path</key>
			<string>SwiftyJSONAccelerator</string>
			<key>sourceTree</key>
			<string>&lt;group&gt;</string>
		</dict>
		<key>93F174421BD0707D007E7DFC</key>
		<dict>
			<key>isa</key>
			<string>PBXFileReference</string>
			<key>lastKnownFileType</key>
			<string>sourcecode.swift</string>
			<key>path</key>
			<string>AppDelegate.swift</string>
			<key>sourceTree</key>
			<string>&lt;group&gt;</string>
		</dict>
		<key>93F174431BD0707D007E7DFC</key>
		<dict>
			<key>fileRef</key>
			<string>93F174421BD0707D007E7DFC</string>
			<key>isa</key>
			<string>PBXBuildFile</string>
		</dict>
		<key>93F174441BD0707D007E7DFC</key>
		<dict>
			<key>isa</key>
			<string>PBXFileReference</string>
			<key>lastKnownFileType</key>
			<string>sourcecode.swift</string>
			<key>path</key>
			<string>SJEditorViewController.swift</string>
			<key>sourceTree</key>
			<string>&lt;group&gt;</string>
		</dict>
		<key>93F174451BD0707D007E7DFC</key>
		<dict>
			<key>fileRef</key>
			<string>93F174441BD0707D007E7DFC</string>
			<key>isa</key>
			<string>PBXBuildFile</string>
		</dict>
		<key>93F174461BD0707D007E7DFC</key>
		<dict>
			<key>isa</key>
			<string>PBXFileReference</string>
			<key>lastKnownFileType</key>
			<string>folder.assetcatalog</string>
			<key>path</key>
			<string>Assets.xcassets</string>
			<key>sourceTree</key>
			<string>&lt;group&gt;</string>
		</dict>
		<key>93F174471BD0707D007E7DFC</key>
		<dict>
			<key>fileRef</key>
			<string>93F174461BD0707D007E7DFC</string>
			<key>isa</key>
			<string>PBXBuildFile</string>
		</dict>
		<key>93F174481BD0707D007E7DFC</key>
		<dict>
			<key>children</key>
			<array>
				<string>93F174491BD0707D007E7DFC</string>
			</array>
			<key>isa</key>
			<string>PBXVariantGroup</string>
			<key>name</key>
			<string>Main.storyboard</string>
			<key>path</key>
			<string>.</string>
			<key>sourceTree</key>
			<string>&lt;group&gt;</string>
		</dict>
		<key>93F174491BD0707D007E7DFC</key>
		<dict>
			<key>isa</key>
			<string>PBXFileReference</string>
			<key>lastKnownFileType</key>
			<string>file.storyboard</string>
			<key>name</key>
			<string>Base</string>
			<key>path</key>
			<string>Base.lproj/Main.storyboard</string>
			<key>sourceTree</key>
			<string>&lt;group&gt;</string>
		</dict>
		<key>93F1744A1BD0707D007E7DFC</key>
		<dict>
			<key>fileRef</key>
			<string>93F174481BD0707D007E7DFC</string>
			<key>isa</key>
			<string>PBXBuildFile</string>
		</dict>
		<key>93F1744B1BD0707D007E7DFC</key>
		<dict>
			<key>isa</key>
			<string>PBXFileReference</string>
			<key>lastKnownFileType</key>
			<string>text.plist.xml</string>
			<key>path</key>
			<string>Info.plist</string>
			<key>sourceTree</key>
			<string>&lt;group&gt;</string>
		</dict>
		<key>93F1744C1BD0707D007E7DFC</key>
		<dict>
			<key>buildActionMask</key>
			<string>2147483647</string>
			<key>files</key>
			<array>
				<string>93D850D91D00D2070023D573</string>
				<string>930462B61D31133B00FE61A6</string>
				<string>93D850E61D00D3020023D573</string>
				<string>93D850F01D00D3070023D573</string>
				<string>93D850EB1D00D3070023D573</string>
				<string>9380E5941D2C6D12003F77B1</string>
				<string>93D850EF1D00D3070023D573</string>
				<string>93D850DC1D00D2ED0023D573</string>
				<string>93D850D81D00D2030023D573</string>
				<string>9327F2971DF4CF650002BE40</string>
				<string>934E619C1E0EF9A200B7601B</string>
				<string>93D850E91D00D3020023D573</string>
				<string>9362F8661BD07DBA0001372E</string>
				<string>93D850DE1D00D2F00023D573</string>
				<string>930462B51D31131800FE61A6</string>
				<string>93D850EC1D00D3070023D573</string>
				<string>93D850DB1D00D2EA0023D573</string>
				<string>937245261E12E490005387E8</string>
				<string>93D850EE1D00D3070023D573</string>
				<string>93D850E71D00D3020023D573</string>
				<string>93F1593C1CFF920500175636</string>
				<string>9372452A1E12E6F2005387E8</string>
				<string>93D850E81D00D3020023D573</string>
				<string>930462B71D31134900FE61A6</string>
				<string>934E619B1E0EF92000B7601B</string>
				<string>9372452C1E12E825005387E8</string>
			</array>
			<key>isa</key>
			<string>PBXSourcesBuildPhase</string>
			<key>runOnlyForDeploymentPostprocessing</key>
			<string>0</string>
		</dict>
		<key>93F1744D1BD0707D007E7DFC</key>
		<dict>
			<key>buildActionMask</key>
			<string>2147483647</string>
			<key>files</key>
			<array>
				<string>3B7A34C57D35A32376194410</string>
			</array>
			<key>isa</key>
			<string>PBXFrameworksBuildPhase</string>
			<key>runOnlyForDeploymentPostprocessing</key>
			<string>0</string>
		</dict>
		<key>93F1744E1BD0707D007E7DFC</key>
		<dict>
			<key>buildActionMask</key>
			<string>2147483647</string>
			<key>files</key>
			<array>
				<string>934E61A61E10587F00B7601B</string>
				<string>9372452D1E12E83A005387E8</string>
				<string>93D850E31D00D2F60023D573</string>
				<string>934E61A51E10587F00B7601B</string>
				<string>934E61A31E10587F00B7601B</string>
				<string>934E61A71E10587F00B7601B</string>
				<string>93D850F71D00D7C80023D573</string>
				<string>93D850E01D00D2F60023D573</string>
				<string>93D850E21D00D2F60023D573</string>
				<string>93D850E11D00D2F60023D573</string>
				<string>934E61A41E10587F00B7601B</string>
			</array>
			<key>isa</key>
			<string>PBXResourcesBuildPhase</string>
			<key>runOnlyForDeploymentPostprocessing</key>
			<string>0</string>
		</dict>
		<key>93F1744F1BD0707D007E7DFC</key>
		<dict>
			<key>buildConfigurationList</key>
			<string>93F1745C1BD0707D007E7DFC</string>
			<key>buildPhases</key>
			<array>
				<string>F3B329287CCBE4494BFBF8B2</string>
				<string>93F1744C1BD0707D007E7DFC</string>
				<string>93F1744D1BD0707D007E7DFC</string>
				<string>93F1744E1BD0707D007E7DFC</string>
				<string>4E211CB4CE9D3FB7AB89139A</string>
				<string>890FBA8BA500C8EA384B1ABA</string>
			</array>
			<key>buildRules</key>
			<array/>
			<key>dependencies</key>
			<array>
				<string>93F174521BD0707D007E7DFC</string>
			</array>
			<key>isa</key>
			<string>PBXNativeTarget</string>
			<key>name</key>
			<string>SwiftyJSONAcceleratorTests</string>
			<key>productName</key>
			<string>SwifyJSONAcceleratorTests</string>
			<key>productReference</key>
			<string>93F174501BD0707D007E7DFC</string>
			<key>productType</key>
			<string>com.apple.product-type.bundle.unit-test</string>
		</dict>
		<key>93F174501BD0707D007E7DFC</key>
		<dict>
			<key>explicitFileType</key>
			<string>wrapper.cfbundle</string>
			<key>includeInIndex</key>
			<string>0</string>
			<key>isa</key>
			<string>PBXFileReference</string>
			<key>path</key>
			<string>SwiftyJSONAccelerator.xctest</string>
			<key>sourceTree</key>
			<string>BUILT_PRODUCTS_DIR</string>
		</dict>
		<key>93F174511BD0707D007E7DFC</key>
		<dict>
			<key>containerPortal</key>
			<string>93F174371BD0707D007E7DFC</string>
			<key>isa</key>
			<string>PBXContainerItemProxy</string>
			<key>proxyType</key>
			<string>1</string>
			<key>remoteGlobalIDString</key>
			<string>93F1743E1BD0707D007E7DFC</string>
			<key>remoteInfo</key>
			<string>SwifyJSONAccelerator</string>
		</dict>
		<key>93F174521BD0707D007E7DFC</key>
		<dict>
			<key>isa</key>
			<string>PBXTargetDependency</string>
			<key>target</key>
			<string>93F1743E1BD0707D007E7DFC</string>
			<key>targetProxy</key>
			<string>93F174511BD0707D007E7DFC</string>
		</dict>
		<key>93F174531BD0707D007E7DFC</key>
		<dict>
			<key>children</key>
			<array>
				<string>930462AE1D310CDD00FE61A6</string>
				<string>9362F8651BD07DBA0001372E</string>
				<string>93F1593B1CFF920500175636</string>
				<string>934E619A1E0EF92000B7601B</string>
				<string>9380E5931D2C6D12003F77B1</string>
			</array>
			<key>isa</key>
			<string>PBXGroup</string>
			<key>path</key>
			<string>SwiftyJSONAcceleratorTests</string>
			<key>sourceTree</key>
			<string>&lt;group&gt;</string>
		</dict>
		<key>93F174561BD0707D007E7DFC</key>
		<dict>
			<key>isa</key>
			<string>PBXFileReference</string>
			<key>lastKnownFileType</key>
			<string>text.plist.xml</string>
			<key>path</key>
			<string>Info.plist</string>
			<key>sourceTree</key>
			<string>&lt;group&gt;</string>
		</dict>
		<key>93F174571BD0707D007E7DFC</key>
		<dict>
			<key>buildSettings</key>
			<dict>
				<key>ALWAYS_EMBED_SWIFT_STANDARD_LIBRARIES</key>
				<string>NO</string>
				<key>ALWAYS_SEARCH_USER_PATHS</key>
				<string>NO</string>
				<key>CLANG_CXX_LANGUAGE_STANDARD</key>
				<string>gnu++0x</string>
				<key>CLANG_CXX_LIBRARY</key>
				<string>libc++</string>
				<key>CLANG_ENABLE_MODULES</key>
				<string>YES</string>
				<key>CLANG_ENABLE_OBJC_ARC</key>
				<string>YES</string>
				<key>CLANG_WARN_BOOL_CONVERSION</key>
				<string>YES</string>
				<key>CLANG_WARN_CONSTANT_CONVERSION</key>
				<string>YES</string>
				<key>CLANG_WARN_DIRECT_OBJC_ISA_USAGE</key>
				<string>YES_ERROR</string>
				<key>CLANG_WARN_EMPTY_BODY</key>
				<string>YES</string>
				<key>CLANG_WARN_ENUM_CONVERSION</key>
				<string>YES</string>
				<key>CLANG_WARN_INFINITE_RECURSION</key>
				<string>YES</string>
				<key>CLANG_WARN_INT_CONVERSION</key>
				<string>YES</string>
				<key>CLANG_WARN_OBJC_ROOT_CLASS</key>
				<string>YES_ERROR</string>
				<key>CLANG_WARN_SUSPICIOUS_MOVE</key>
				<string>YES</string>
				<key>CLANG_WARN_UNREACHABLE_CODE</key>
				<string>YES</string>
				<key>CLANG_WARN__DUPLICATE_METHOD_MATCH</key>
				<string>YES</string>
				<key>CODE_SIGN_IDENTITY</key>
				<string>-</string>
				<key>COPY_PHASE_STRIP</key>
				<string>NO</string>
				<key>DEBUG_INFORMATION_FORMAT</key>
				<string>dwarf</string>
				<key>ENABLE_STRICT_OBJC_MSGSEND</key>
				<string>YES</string>
				<key>ENABLE_TESTABILITY</key>
				<string>YES</string>
				<key>GCC_C_LANGUAGE_STANDARD</key>
				<string>gnu99</string>
				<key>GCC_DYNAMIC_NO_PIC</key>
				<string>NO</string>
				<key>GCC_NO_COMMON_BLOCKS</key>
				<string>YES</string>
				<key>GCC_OPTIMIZATION_LEVEL</key>
				<string>0</string>
				<key>GCC_PREPROCESSOR_DEFINITIONS</key>
				<array>
					<string>DEBUG=1</string>
					<string>$(inherited)</string>
				</array>
				<key>GCC_WARN_64_TO_32_BIT_CONVERSION</key>
				<string>YES</string>
				<key>GCC_WARN_ABOUT_RETURN_TYPE</key>
				<string>YES_ERROR</string>
				<key>GCC_WARN_UNDECLARED_SELECTOR</key>
				<string>YES</string>
				<key>GCC_WARN_UNINITIALIZED_AUTOS</key>
				<string>YES_AGGRESSIVE</string>
				<key>GCC_WARN_UNUSED_FUNCTION</key>
				<string>YES</string>
				<key>GCC_WARN_UNUSED_VARIABLE</key>
				<string>YES</string>
				<key>LD_RUNPATH_SEARCH_PATHS</key>
				<string>@executable_path/Frameworks</string>
				<key>MACOSX_DEPLOYMENT_TARGET</key>
				<string>10.11</string>
				<key>MTL_ENABLE_DEBUG_INFO</key>
				<string>YES</string>
				<key>ONLY_ACTIVE_ARCH</key>
				<string>YES</string>
				<key>SDKROOT</key>
				<string>macosx</string>
				<key>SWIFT_OPTIMIZATION_LEVEL</key>
				<string>-Onone</string>
			</dict>
			<key>isa</key>
			<string>XCBuildConfiguration</string>
			<key>name</key>
			<string>Debug</string>
		</dict>
		<key>93F174581BD0707D007E7DFC</key>
		<dict>
			<key>buildSettings</key>
			<dict>
				<key>ALWAYS_EMBED_SWIFT_STANDARD_LIBRARIES</key>
				<string>NO</string>
				<key>ALWAYS_SEARCH_USER_PATHS</key>
				<string>NO</string>
				<key>CLANG_CXX_LANGUAGE_STANDARD</key>
				<string>gnu++0x</string>
				<key>CLANG_CXX_LIBRARY</key>
				<string>libc++</string>
				<key>CLANG_ENABLE_MODULES</key>
				<string>YES</string>
				<key>CLANG_ENABLE_OBJC_ARC</key>
				<string>YES</string>
				<key>CLANG_WARN_BOOL_CONVERSION</key>
				<string>YES</string>
				<key>CLANG_WARN_CONSTANT_CONVERSION</key>
				<string>YES</string>
				<key>CLANG_WARN_DIRECT_OBJC_ISA_USAGE</key>
				<string>YES_ERROR</string>
				<key>CLANG_WARN_EMPTY_BODY</key>
				<string>YES</string>
				<key>CLANG_WARN_ENUM_CONVERSION</key>
				<string>YES</string>
				<key>CLANG_WARN_INFINITE_RECURSION</key>
				<string>YES</string>
				<key>CLANG_WARN_INT_CONVERSION</key>
				<string>YES</string>
				<key>CLANG_WARN_OBJC_ROOT_CLASS</key>
				<string>YES_ERROR</string>
				<key>CLANG_WARN_SUSPICIOUS_MOVE</key>
				<string>YES</string>
				<key>CLANG_WARN_UNREACHABLE_CODE</key>
				<string>YES</string>
				<key>CLANG_WARN__DUPLICATE_METHOD_MATCH</key>
				<string>YES</string>
				<key>CODE_SIGN_IDENTITY</key>
				<string>-</string>
				<key>COPY_PHASE_STRIP</key>
				<string>NO</string>
				<key>DEBUG_INFORMATION_FORMAT</key>
				<string>dwarf-with-dsym</string>
				<key>ENABLE_NS_ASSERTIONS</key>
				<string>NO</string>
				<key>ENABLE_STRICT_OBJC_MSGSEND</key>
				<string>YES</string>
				<key>GCC_C_LANGUAGE_STANDARD</key>
				<string>gnu99</string>
				<key>GCC_NO_COMMON_BLOCKS</key>
				<string>YES</string>
				<key>GCC_WARN_64_TO_32_BIT_CONVERSION</key>
				<string>YES</string>
				<key>GCC_WARN_ABOUT_RETURN_TYPE</key>
				<string>YES_ERROR</string>
				<key>GCC_WARN_UNDECLARED_SELECTOR</key>
				<string>YES</string>
				<key>GCC_WARN_UNINITIALIZED_AUTOS</key>
				<string>YES_AGGRESSIVE</string>
				<key>GCC_WARN_UNUSED_FUNCTION</key>
				<string>YES</string>
				<key>GCC_WARN_UNUSED_VARIABLE</key>
				<string>YES</string>
				<key>LD_RUNPATH_SEARCH_PATHS</key>
				<string>@executable_path/Frameworks</string>
				<key>MACOSX_DEPLOYMENT_TARGET</key>
				<string>10.11</string>
				<key>MTL_ENABLE_DEBUG_INFO</key>
				<string>NO</string>
				<key>SDKROOT</key>
				<string>macosx</string>
				<key>SWIFT_OPTIMIZATION_LEVEL</key>
				<string>-Owholemodule</string>
			</dict>
			<key>isa</key>
			<string>XCBuildConfiguration</string>
			<key>name</key>
			<string>Release</string>
		</dict>
		<key>93F174591BD0707D007E7DFC</key>
		<dict>
			<key>buildConfigurations</key>
			<array>
				<string>93F1745A1BD0707D007E7DFC</string>
				<string>93F1745B1BD0707D007E7DFC</string>
			</array>
			<key>defaultConfigurationIsVisible</key>
			<string>0</string>
			<key>defaultConfigurationName</key>
			<string>Release</string>
			<key>isa</key>
			<string>XCConfigurationList</string>
		</dict>
		<key>93F1745A1BD0707D007E7DFC</key>
		<dict>
			<key>buildSettings</key>
			<dict>
				<key>ALWAYS_EMBED_SWIFT_STANDARD_LIBRARIES</key>
				<string>YES</string>
				<key>ASSETCATALOG_COMPILER_APPICON_NAME</key>
				<string>AppIcon</string>
				<key>CODE_SIGN_IDENTITY</key>
				<string>Mac Developer</string>
				<key>COMBINE_HIDPI_IMAGES</key>
				<string>YES</string>
				<key>INFOPLIST_FILE</key>
				<string>SwiftyJSONAccelerator/Support/Info.plist</string>
				<key>LD_RUNPATH_SEARCH_PATHS</key>
				<string>$(inherited) @executable_path/../Frameworks</string>
				<key>MACOSX_DEPLOYMENT_TARGET</key>
				<string>10.9</string>
				<key>PRODUCT_BUNDLE_IDENTIFIER</key>
				<string>com.karthik.SwiftyJSONAccelerator</string>
				<key>PRODUCT_NAME</key>
				<string>SwiftyJSONAccelerator</string>
				<key>SWIFT_VERSION</key>
				<string>3.0</string>
			</dict>
			<key>isa</key>
			<string>XCBuildConfiguration</string>
			<key>name</key>
			<string>Debug</string>
		</dict>
		<key>93F1745B1BD0707D007E7DFC</key>
		<dict>
			<key>buildSettings</key>
			<dict>
				<key>ALWAYS_EMBED_SWIFT_STANDARD_LIBRARIES</key>
				<string>YES</string>
				<key>ASSETCATALOG_COMPILER_APPICON_NAME</key>
				<string>AppIcon</string>
				<key>CODE_SIGN_IDENTITY</key>
				<string>Mac Developer</string>
				<key>COMBINE_HIDPI_IMAGES</key>
				<string>YES</string>
				<key>INFOPLIST_FILE</key>
				<string>SwiftyJSONAccelerator/Support/Info.plist</string>
				<key>LD_RUNPATH_SEARCH_PATHS</key>
				<string>$(inherited) @executable_path/../Frameworks</string>
				<key>MACOSX_DEPLOYMENT_TARGET</key>
				<string>10.9</string>
				<key>PRODUCT_BUNDLE_IDENTIFIER</key>
				<string>com.karthik.SwiftyJSONAccelerator</string>
				<key>PRODUCT_NAME</key>
				<string>SwiftyJSONAccelerator</string>
				<key>SWIFT_VERSION</key>
				<string>3.0</string>
			</dict>
			<key>isa</key>
			<string>XCBuildConfiguration</string>
			<key>name</key>
			<string>Release</string>
		</dict>
		<key>93F1745C1BD0707D007E7DFC</key>
		<dict>
			<key>buildConfigurations</key>
			<array>
				<string>93F1745D1BD0707D007E7DFC</string>
				<string>93F1745E1BD0707D007E7DFC</string>
			</array>
			<key>defaultConfigurationIsVisible</key>
			<string>0</string>
			<key>defaultConfigurationName</key>
			<string>Release</string>
			<key>isa</key>
			<string>XCConfigurationList</string>
		</dict>
		<key>93F1745D1BD0707D007E7DFC</key>
		<dict>
			<key>baseConfigurationReference</key>
			<string>0D6E431207DB3FD1A9136E82</string>
			<key>buildSettings</key>
			<dict>
				<key>ALWAYS_EMBED_SWIFT_STANDARD_LIBRARIES</key>
				<string>YES</string>
				<key>BUNDLE_LOADER</key>
				<string>$(TEST_HOST)</string>
				<key>CODE_SIGN_IDENTITY</key>
				<string>Mac Developer</string>
				<key>COMBINE_HIDPI_IMAGES</key>
				<string>YES</string>
				<key>INFOPLIST_FILE</key>
				<string>SwiftyJSONAcceleratorTests/Support Files/Info.plist</string>
				<key>LD_RUNPATH_SEARCH_PATHS</key>
				<string>$(inherited) @executable_path/../Frameworks @loader_path/../Frameworks</string>
				<key>PRODUCT_BUNDLE_IDENTIFIER</key>
				<string>com.karthik.SwiftyJSONAcceleratorTests</string>
				<key>PRODUCT_NAME</key>
				<string>SwiftyJSONAccelerator</string>
				<key>SWIFT_VERSION</key>
				<string>3.0</string>
				<key>TEST_HOST</key>
				<string>$(BUILT_PRODUCTS_DIR)/SwiftyJSONAccelerator.app/Contents/MacOS/SwiftyJSONAccelerator</string>
			</dict>
			<key>isa</key>
			<string>XCBuildConfiguration</string>
			<key>name</key>
			<string>Debug</string>
		</dict>
		<key>93F1745E1BD0707D007E7DFC</key>
		<dict>
			<key>baseConfigurationReference</key>
			<string>B68F86E6B63CA2730100D4BC</string>
			<key>buildSettings</key>
			<dict>
				<key>ALWAYS_EMBED_SWIFT_STANDARD_LIBRARIES</key>
				<string>YES</string>
				<key>BUNDLE_LOADER</key>
				<string>$(TEST_HOST)</string>
				<key>CODE_SIGN_IDENTITY</key>
				<string>Mac Developer</string>
				<key>COMBINE_HIDPI_IMAGES</key>
				<string>YES</string>
				<key>INFOPLIST_FILE</key>
				<string>SwiftyJSONAcceleratorTests/Support Files/Info.plist</string>
				<key>LD_RUNPATH_SEARCH_PATHS</key>
				<string>$(inherited) @executable_path/../Frameworks @loader_path/../Frameworks</string>
				<key>PRODUCT_BUNDLE_IDENTIFIER</key>
				<string>com.karthik.SwiftyJSONAcceleratorTests</string>
				<key>PRODUCT_NAME</key>
				<string>SwiftyJSONAccelerator</string>
				<key>SWIFT_VERSION</key>
				<string>3.0</string>
				<key>TEST_HOST</key>
				<string>$(BUILT_PRODUCTS_DIR)/SwiftyJSONAccelerator.app/Contents/MacOS/SwiftyJSONAccelerator</string>
			</dict>
			<key>isa</key>
			<string>XCBuildConfiguration</string>
			<key>name</key>
			<string>Release</string>
		</dict>
		<key>93F1745F1BD070AA007E7DFC</key>
		<dict>
			<key>fileEncoding</key>
			<string>4</string>
			<key>isa</key>
			<string>PBXFileReference</string>
			<key>lastKnownFileType</key>
			<string>sourcecode.swift</string>
			<key>path</key>
			<string>JSONHelper.swift</string>
			<key>sourceTree</key>
			<string>&lt;group&gt;</string>
		</dict>
		<key>93F174601BD070AA007E7DFC</key>
		<dict>
			<key>fileRef</key>
			<string>93F1745F1BD070AA007E7DFC</string>
			<key>isa</key>
			<string>PBXBuildFile</string>
		</dict>
		<key>93F5F2141D344CCC00FEB9C9</key>
		<dict>
			<key>children</key>
			<array>
				<string>9327F2891DF4BD540002BE40</string>
				<string>C667011C1BDCAF23009BA254</string>
				<string>C667011A1BDCABCE009BA254</string>
			</array>
			<key>isa</key>
			<string>PBXGroup</string>
			<key>path</key>
			<string>Library-Extension-Templates</string>
			<key>sourceTree</key>
			<string>&lt;group&gt;</string>
		</dict>
		<key>B68F86E6B63CA2730100D4BC</key>
		<dict>
			<key>includeInIndex</key>
			<string>1</string>
			<key>isa</key>
			<string>PBXFileReference</string>
			<key>lastKnownFileType</key>
			<string>text.xcconfig</string>
			<key>name</key>
			<string>Pods-SwiftyJSONAcceleratorTests.release.xcconfig</string>
			<key>path</key>
			<string>Pods/Target Support Files/Pods-SwiftyJSONAcceleratorTests/Pods-SwiftyJSONAcceleratorTests.release.xcconfig</string>
			<key>sourceTree</key>
			<string>&lt;group&gt;</string>
		</dict>
		<key>C667011A1BDCABCE009BA254</key>
		<dict>
			<key>fileEncoding</key>
			<string>4</string>
			<key>isa</key>
			<string>PBXFileReference</string>
			<key>lastKnownFileType</key>
			<string>text</string>
			<key>path</key>
			<string>SwiftyJSONTemplate.txt</string>
			<key>sourceTree</key>
			<string>&lt;group&gt;</string>
		</dict>
		<key>C667011B1BDCABCE009BA254</key>
		<dict>
			<key>fileRef</key>
			<string>C667011A1BDCABCE009BA254</string>
			<key>isa</key>
			<string>PBXBuildFile</string>
		</dict>
		<key>C667011C1BDCAF23009BA254</key>
		<dict>
			<key>fileEncoding</key>
			<string>4</string>
			<key>isa</key>
			<string>PBXFileReference</string>
			<key>lastKnownFileType</key>
			<string>text</string>
			<key>path</key>
			<string>ObjectMapperTemplate.txt</string>
			<key>sourceTree</key>
			<string>&lt;group&gt;</string>
		</dict>
		<key>C667011D1BDCAF23009BA254</key>
		<dict>
			<key>fileRef</key>
			<string>C667011C1BDCAF23009BA254</string>
			<key>isa</key>
			<string>PBXBuildFile</string>
		</dict>
		<key>C667011E1BDCBE1F009BA254</key>
		<dict>
			<key>fileEncoding</key>
			<string>4</string>
			<key>isa</key>
			<string>PBXFileReference</string>
			<key>lastKnownFileType</key>
			<string>text</string>
			<key>path</key>
			<string>NSCodingTemplate.txt</string>
			<key>sourceTree</key>
			<string>&lt;group&gt;</string>
		</dict>
		<key>C667011F1BDCBE1F009BA254</key>
		<dict>
			<key>fileRef</key>
			<string>C667011E1BDCBE1F009BA254</string>
			<key>isa</key>
			<string>PBXBuildFile</string>
		</dict>
		<key>CC8555B16DF4EA1A820C7332</key>
		<dict>
			<key>children</key>
			<array>
				<string>0D6E431207DB3FD1A9136E82</string>
				<string>B68F86E6B63CA2730100D4BC</string>
			</array>
			<key>isa</key>
			<string>PBXGroup</string>
			<key>name</key>
			<string>Pods</string>
			<key>sourceTree</key>
			<string>&lt;group&gt;</string>
		</dict>
		<key>CCAFEA0CDE39B9651C96E268</key>
		<dict>
			<key>explicitFileType</key>
			<string>wrapper.framework</string>
			<key>includeInIndex</key>
			<string>0</string>
			<key>isa</key>
			<string>PBXFileReference</string>
			<key>path</key>
			<string>Pods_SwiftyJSONAcceleratorTests.framework</string>
			<key>sourceTree</key>
			<string>BUILT_PRODUCTS_DIR</string>
		</dict>
		<key>D30AF1E89ECF6FDC9C3EA434</key>
		<dict>
			<key>children</key>
			<array>
				<string>CCAFEA0CDE39B9651C96E268</string>
			</array>
			<key>isa</key>
			<string>PBXGroup</string>
			<key>name</key>
			<string>Frameworks</string>
			<key>sourceTree</key>
			<string>&lt;group&gt;</string>
		</dict>
		<key>F3B329287CCBE4494BFBF8B2</key>
		<dict>
			<key>buildActionMask</key>
			<string>2147483647</string>
			<key>files</key>
			<array/>
			<key>inputPaths</key>
			<array/>
			<key>isa</key>
			<string>PBXShellScriptBuildPhase</string>
			<key>name</key>
			<string>[CP] Check Pods Manifest.lock</string>
			<key>outputPaths</key>
			<array/>
			<key>runOnlyForDeploymentPostprocessing</key>
			<string>0</string>
			<key>shellPath</key>
			<string>/bin/sh</string>
			<key>shellScript</key>
			<string>diff "${PODS_ROOT}/../Podfile.lock" "${PODS_ROOT}/Manifest.lock" &gt; /dev/null
if [[ $? != 0 ]] ; then
    cat &lt;&lt; EOM
error: The sandbox is not in sync with the Podfile.lock. Run 'pod install' or update your CocoaPods installation.
EOM
    exit 1
fi
</string>
			<key>showEnvVarsInLog</key>
			<string>0</string>
		</dict>
	</dict>
	<key>rootObject</key>
	<string>93F174371BD0707D007E7DFC</string>
</dict>
</plist>
